// !$*UTF8*$!
{
	archiveVersion = 1;
	classes = {
	};
	objectVersion = 52;
	objects = {

/* Begin PBXBuildFile section */
		5C00071926CFAED2002E5013 /* UIImage+.swift in Sources */ = {isa = PBXBuildFile; fileRef = 5C00071826CFAED2002E5013 /* UIImage+.swift */; };
		5C00071C26D38CC3002E5013 /* NFCHelper.swift in Sources */ = {isa = PBXBuildFile; fileRef = 5C00071B26D38CC3002E5013 /* NFCHelper.swift */; };
		5C00071D26D38CC3002E5013 /* NFCHelper.swift in Sources */ = {isa = PBXBuildFile; fileRef = 5C00071B26D38CC3002E5013 /* NFCHelper.swift */; };
		5C00071E26D38CC3002E5013 /* NFCHelper.swift in Sources */ = {isa = PBXBuildFile; fileRef = 5C00071B26D38CC3002E5013 /* NFCHelper.swift */; };
		5C00072226D3A40E002E5013 /* SavedImage.swift in Sources */ = {isa = PBXBuildFile; fileRef = 5C00072126D3A40E002E5013 /* SavedImage.swift */; };
		5C00072326D3A40E002E5013 /* SavedImage.swift in Sources */ = {isa = PBXBuildFile; fileRef = 5C00072126D3A40E002E5013 /* SavedImage.swift */; };
		5C00072426D3A40E002E5013 /* SavedImage.swift in Sources */ = {isa = PBXBuildFile; fileRef = 5C00072126D3A40E002E5013 /* SavedImage.swift */; };
		5C00072626D3A6CD002E5013 /* String+.swift in Sources */ = {isa = PBXBuildFile; fileRef = 5C00072526D3A6CD002E5013 /* String+.swift */; };
		5C00072726D3A6CD002E5013 /* String+.swift in Sources */ = {isa = PBXBuildFile; fileRef = 5C00072526D3A6CD002E5013 /* String+.swift */; };
		5C00072826D3A6CD002E5013 /* String+.swift in Sources */ = {isa = PBXBuildFile; fileRef = 5C00072526D3A6CD002E5013 /* String+.swift */; };
		5C00072A26D3A77D002E5013 /* ImageDataStorage.swift in Sources */ = {isa = PBXBuildFile; fileRef = 5C00072926D3A77D002E5013 /* ImageDataStorage.swift */; };
		5C00072B26D3A77D002E5013 /* ImageDataStorage.swift in Sources */ = {isa = PBXBuildFile; fileRef = 5C00072926D3A77D002E5013 /* ImageDataStorage.swift */; };
		5C00072C26D3A77D002E5013 /* ImageDataStorage.swift in Sources */ = {isa = PBXBuildFile; fileRef = 5C00072926D3A77D002E5013 /* ImageDataStorage.swift */; };
		5C00072E26D3AC11002E5013 /* SavedPDF.swift in Sources */ = {isa = PBXBuildFile; fileRef = 5C00072D26D3AC11002E5013 /* SavedPDF.swift */; };
		5C00072F26D3AC11002E5013 /* SavedPDF.swift in Sources */ = {isa = PBXBuildFile; fileRef = 5C00072D26D3AC11002E5013 /* SavedPDF.swift */; };
		5C00073026D3AC11002E5013 /* SavedPDF.swift in Sources */ = {isa = PBXBuildFile; fileRef = 5C00072D26D3AC11002E5013 /* SavedPDF.swift */; };
		5C00073226D3AEDE002E5013 /* PdfDataStorage.swift in Sources */ = {isa = PBXBuildFile; fileRef = 5C00073126D3AEDE002E5013 /* PdfDataStorage.swift */; };
		5C00073326D3AEDE002E5013 /* PdfDataStorage.swift in Sources */ = {isa = PBXBuildFile; fileRef = 5C00073126D3AEDE002E5013 /* PdfDataStorage.swift */; };
		5C00073426D3AEDE002E5013 /* PdfDataStorage.swift in Sources */ = {isa = PBXBuildFile; fileRef = 5C00073126D3AEDE002E5013 /* PdfDataStorage.swift */; };
		5C00073626D625D0002E5013 /* PDFTableViewCell.swift in Sources */ = {isa = PBXBuildFile; fileRef = 5C00073526D625D0002E5013 /* PDFTableViewCell.swift */; };
		5C00073726D625D0002E5013 /* PDFTableViewCell.swift in Sources */ = {isa = PBXBuildFile; fileRef = 5C00073526D625D0002E5013 /* PDFTableViewCell.swift */; };
		5C00073826D625D0002E5013 /* PDFTableViewCell.swift in Sources */ = {isa = PBXBuildFile; fileRef = 5C00073526D625D0002E5013 /* PDFTableViewCell.swift */; };
		5C00073A26D625DE002E5013 /* ImageTableViewCell.swift in Sources */ = {isa = PBXBuildFile; fileRef = 5C00073926D625DE002E5013 /* ImageTableViewCell.swift */; };
		5C00073B26D625DE002E5013 /* ImageTableViewCell.swift in Sources */ = {isa = PBXBuildFile; fileRef = 5C00073926D625DE002E5013 /* ImageTableViewCell.swift */; };
		5C00073C26D625DE002E5013 /* ImageTableViewCell.swift in Sources */ = {isa = PBXBuildFile; fileRef = 5C00073926D625DE002E5013 /* ImageTableViewCell.swift */; };
		5C00073F26D641CC002E5013 /* ImageViewerVC.swift in Sources */ = {isa = PBXBuildFile; fileRef = 5C00073D26D641CC002E5013 /* ImageViewerVC.swift */; };
		5C00074026D641CC002E5013 /* ImageViewerVC.swift in Sources */ = {isa = PBXBuildFile; fileRef = 5C00073D26D641CC002E5013 /* ImageViewerVC.swift */; };
		5C00074126D641CC002E5013 /* ImageViewerVC.swift in Sources */ = {isa = PBXBuildFile; fileRef = 5C00073D26D641CC002E5013 /* ImageViewerVC.swift */; };
		5C00074726D641E2002E5013 /* PDFViewerVC.swift in Sources */ = {isa = PBXBuildFile; fileRef = 5C00074526D641E2002E5013 /* PDFViewerVC.swift */; };
		5C00074826D641E2002E5013 /* PDFViewerVC.swift in Sources */ = {isa = PBXBuildFile; fileRef = 5C00074526D641E2002E5013 /* PDFViewerVC.swift */; };
		5C00074926D641E2002E5013 /* PDFViewerVC.swift in Sources */ = {isa = PBXBuildFile; fileRef = 5C00074526D641E2002E5013 /* PDFViewerVC.swift */; };
		5C50CF09269700550015EE29 /* CheckValidityVC.swift in Sources */ = {isa = PBXBuildFile; fileRef = 5C50CF07269700540015EE29 /* CheckValidityVC.swift */; };
		5C50CF0A269700550015EE29 /* CheckValidityVC.swift in Sources */ = {isa = PBXBuildFile; fileRef = 5C50CF07269700540015EE29 /* CheckValidityVC.swift */; };
		5C50CF0B269700550015EE29 /* CheckValidityVC.swift in Sources */ = {isa = PBXBuildFile; fileRef = 5C50CF07269700540015EE29 /* CheckValidityVC.swift */; };
		5C50CF11269700710015EE29 /* RuleValidationResultVC.swift in Sources */ = {isa = PBXBuildFile; fileRef = 5C50CF0F269700710015EE29 /* RuleValidationResultVC.swift */; };
		5C50CF12269700710015EE29 /* RuleValidationResultVC.swift in Sources */ = {isa = PBXBuildFile; fileRef = 5C50CF0F269700710015EE29 /* RuleValidationResultVC.swift */; };
		5C50CF13269700710015EE29 /* RuleValidationResultVC.swift in Sources */ = {isa = PBXBuildFile; fileRef = 5C50CF0F269700710015EE29 /* RuleValidationResultVC.swift */; };
		5C50CF1B2697023B0015EE29 /* RuleErrorTVC.swift in Sources */ = {isa = PBXBuildFile; fileRef = 5C50CF192697023B0015EE29 /* RuleErrorTVC.swift */; };
		5C50CF1C2697023B0015EE29 /* RuleErrorTVC.swift in Sources */ = {isa = PBXBuildFile; fileRef = 5C50CF192697023B0015EE29 /* RuleErrorTVC.swift */; };
		5C50CF1D2697023B0015EE29 /* RuleErrorTVC.swift in Sources */ = {isa = PBXBuildFile; fileRef = 5C50CF192697023B0015EE29 /* RuleErrorTVC.swift */; };
		5C50CF22269704240015EE29 /* UIViewController+.swift in Sources */ = {isa = PBXBuildFile; fileRef = 5C50CF21269704240015EE29 /* UIViewController+.swift */; };
		5C50CF23269704240015EE29 /* UIViewController+.swift in Sources */ = {isa = PBXBuildFile; fileRef = 5C50CF21269704240015EE29 /* UIViewController+.swift */; };
		5C50CF24269704240015EE29 /* UIViewController+.swift in Sources */ = {isa = PBXBuildFile; fileRef = 5C50CF21269704240015EE29 /* UIViewController+.swift */; };
		5C50CF2726972BCA0015EE29 /* CellWithTitleAndDescriptionTVC.swift in Sources */ = {isa = PBXBuildFile; fileRef = 5C50CF2526972BCA0015EE29 /* CellWithTitleAndDescriptionTVC.swift */; };
		5C50CF2826972BCA0015EE29 /* CellWithTitleAndDescriptionTVC.swift in Sources */ = {isa = PBXBuildFile; fileRef = 5C50CF2526972BCA0015EE29 /* CellWithTitleAndDescriptionTVC.swift */; };
		5C50CF2926972BCA0015EE29 /* CellWithTitleAndDescriptionTVC.swift in Sources */ = {isa = PBXBuildFile; fileRef = 5C50CF2526972BCA0015EE29 /* CellWithTitleAndDescriptionTVC.swift */; };
		5C50CF2F26972BFD0015EE29 /* CellWithDateAndCountryTVC.swift in Sources */ = {isa = PBXBuildFile; fileRef = 5C50CF2D26972BFD0015EE29 /* CellWithDateAndCountryTVC.swift */; };
		5C50CF3026972BFD0015EE29 /* CellWithDateAndCountryTVC.swift in Sources */ = {isa = PBXBuildFile; fileRef = 5C50CF2D26972BFD0015EE29 /* CellWithDateAndCountryTVC.swift */; };
		5C50CF3126972BFD0015EE29 /* CellWithDateAndCountryTVC.swift in Sources */ = {isa = PBXBuildFile; fileRef = 5C50CF2D26972BFD0015EE29 /* CellWithDateAndCountryTVC.swift */; };
		5C50CF362697315B0015EE29 /* ValidityCellModel.swift in Sources */ = {isa = PBXBuildFile; fileRef = 5C50CF352697315B0015EE29 /* ValidityCellModel.swift */; };
		5C50CF372697315B0015EE29 /* ValidityCellModel.swift in Sources */ = {isa = PBXBuildFile; fileRef = 5C50CF352697315B0015EE29 /* ValidityCellModel.swift */; };
		5C50CF382697315B0015EE29 /* ValidityCellModel.swift in Sources */ = {isa = PBXBuildFile; fileRef = 5C50CF352697315B0015EE29 /* ValidityCellModel.swift */; };
		5C50CF3A26973D9D0015EE29 /* UserDefaults+.swift in Sources */ = {isa = PBXBuildFile; fileRef = 5C50CF3926973D9D0015EE29 /* UserDefaults+.swift */; };
		5C50CF3B26973D9D0015EE29 /* UserDefaults+.swift in Sources */ = {isa = PBXBuildFile; fileRef = 5C50CF3926973D9D0015EE29 /* UserDefaults+.swift */; };
		5C50CF3C26973D9D0015EE29 /* UserDefaults+.swift in Sources */ = {isa = PBXBuildFile; fileRef = 5C50CF3926973D9D0015EE29 /* UserDefaults+.swift */; };
		5C50CF3E26983E090015EE29 /* UITableView+.swift in Sources */ = {isa = PBXBuildFile; fileRef = 5C50CF3D26983E090015EE29 /* UITableView+.swift */; };
		5C50CF3F26983E090015EE29 /* UITableView+.swift in Sources */ = {isa = PBXBuildFile; fileRef = 5C50CF3D26983E090015EE29 /* UITableView+.swift */; };
		5C50CF4026983E090015EE29 /* UITableView+.swift in Sources */ = {isa = PBXBuildFile; fileRef = 5C50CF3D26983E090015EE29 /* UITableView+.swift */; };
		5C556D4426F9DAF7007E2C2E /* TicketCodeAcceptViewController.swift in Sources */ = {isa = PBXBuildFile; fileRef = 5C556D4026F9DAF7007E2C2E /* TicketCodeAcceptViewController.swift */; };
		5C556D4526F9DAF7007E2C2E /* TicketCodeAcceptViewController.swift in Sources */ = {isa = PBXBuildFile; fileRef = 5C556D4026F9DAF7007E2C2E /* TicketCodeAcceptViewController.swift */; };
		5C556D4626F9DAF7007E2C2E /* TicketCodeAcceptViewController.swift in Sources */ = {isa = PBXBuildFile; fileRef = 5C556D4026F9DAF7007E2C2E /* TicketCodeAcceptViewController.swift */; };
		5C556D4926F9F8AC007E2C2E /* CertificatesListVC.swift in Sources */ = {isa = PBXBuildFile; fileRef = 5C556D4726F9F8AC007E2C2E /* CertificatesListVC.swift */; };
		5C556D4A26F9F8AC007E2C2E /* CertificatesListVC.swift in Sources */ = {isa = PBXBuildFile; fileRef = 5C556D4726F9F8AC007E2C2E /* CertificatesListVC.swift */; };
		5C556D4B26F9F8AC007E2C2E /* CertificatesListVC.swift in Sources */ = {isa = PBXBuildFile; fileRef = 5C556D4726F9F8AC007E2C2E /* CertificatesListVC.swift */; };
		5C556D5126F9F8C6007E2C2E /* ServersListVC.swift in Sources */ = {isa = PBXBuildFile; fileRef = 5C556D4F26F9F8C6007E2C2E /* ServersListVC.swift */; };
		5C556D5226F9F8C6007E2C2E /* ServersListVC.swift in Sources */ = {isa = PBXBuildFile; fileRef = 5C556D4F26F9F8C6007E2C2E /* ServersListVC.swift */; };
		5C556D5326F9F8C6007E2C2E /* ServersListVC.swift in Sources */ = {isa = PBXBuildFile; fileRef = 5C556D4F26F9F8C6007E2C2E /* ServersListVC.swift */; };
		5CE07C762692E0D900A032F9 /* CertLogic in Frameworks */ = {isa = PBXBuildFile; productRef = 5CE07C752692E0D900A032F9 /* CertLogic */; };
		5CE07C7A2692E1CD00A032F9 /* CountryDataStorage.swift in Sources */ = {isa = PBXBuildFile; fileRef = 5CE07C772692E1CC00A032F9 /* CountryDataStorage.swift */; };
		5CE07C7B2692E1CD00A032F9 /* CountryDataStorage.swift in Sources */ = {isa = PBXBuildFile; fileRef = 5CE07C772692E1CC00A032F9 /* CountryDataStorage.swift */; };
		5CE07C7C2692E1CD00A032F9 /* CountryDataStorage.swift in Sources */ = {isa = PBXBuildFile; fileRef = 5CE07C772692E1CC00A032F9 /* CountryDataStorage.swift */; };
		5CE07C7D2692E1CD00A032F9 /* ValueSetsDataStorage.swift in Sources */ = {isa = PBXBuildFile; fileRef = 5CE07C782692E1CD00A032F9 /* ValueSetsDataStorage.swift */; };
		5CE07C7E2692E1CD00A032F9 /* ValueSetsDataStorage.swift in Sources */ = {isa = PBXBuildFile; fileRef = 5CE07C782692E1CD00A032F9 /* ValueSetsDataStorage.swift */; };
		5CE07C7F2692E1CD00A032F9 /* ValueSetsDataStorage.swift in Sources */ = {isa = PBXBuildFile; fileRef = 5CE07C782692E1CD00A032F9 /* ValueSetsDataStorage.swift */; };
		5CE07C802692E1CD00A032F9 /* RulesDataStorage.swift in Sources */ = {isa = PBXBuildFile; fileRef = 5CE07C792692E1CD00A032F9 /* RulesDataStorage.swift */; };
		5CE07C812692E1CD00A032F9 /* RulesDataStorage.swift in Sources */ = {isa = PBXBuildFile; fileRef = 5CE07C792692E1CD00A032F9 /* RulesDataStorage.swift */; };
		5CE07C822692E1CD00A032F9 /* RulesDataStorage.swift in Sources */ = {isa = PBXBuildFile; fileRef = 5CE07C792692E1CD00A032F9 /* RulesDataStorage.swift */; };
		5CE07C842692E21E00A032F9 /* CertLogicEngineManager.swift in Sources */ = {isa = PBXBuildFile; fileRef = 5CE07C832692E21E00A032F9 /* CertLogicEngineManager.swift */; };
		5CE07C852692E21E00A032F9 /* CertLogicEngineManager.swift in Sources */ = {isa = PBXBuildFile; fileRef = 5CE07C832692E21E00A032F9 /* CertLogicEngineManager.swift */; };
		5CE07C862692E21E00A032F9 /* CertLogicEngineManager.swift in Sources */ = {isa = PBXBuildFile; fileRef = 5CE07C832692E21E00A032F9 /* CertLogicEngineManager.swift */; };
		CE13CF00262DCC180070C80E /* FloatingPanel in Frameworks */ = {isa = PBXBuildFile; productRef = CE13CEFF262DCC180070C80E /* FloatingPanel */; };
		CE13CF0A262DCDDA0070C80E /* CertificateViewer.swift in Sources */ = {isa = PBXBuildFile; fileRef = CE13CF09262DCDDA0070C80E /* CertificateViewer.swift */; };
		CE13CF0F262DD0D80070C80E /* FullFloatingPanelLayout.swift in Sources */ = {isa = PBXBuildFile; fileRef = CE13CF0E262DD0D80070C80E /* FullFloatingPanelLayout.swift */; };
		CE13CF23262DDF810070C80E /* RoundedButton.swift in Sources */ = {isa = PBXBuildFile; fileRef = CE13CF22262DDF810070C80E /* RoundedButton.swift */; };
		CE1D1EF6263597A2004C8919 /* LocalData.swift in Sources */ = {isa = PBXBuildFile; fileRef = CE1D1EF5263597A2004C8919 /* LocalData.swift */; };
		CE1F155C2639F9E700736D48 /* SwiftyJSON in Frameworks */ = {isa = PBXBuildFile; productRef = CE1F155B2639F9E700736D48 /* SwiftyJSON */; };
		CE260F56263DD1720083A200 /* WalletCell.swift in Sources */ = {isa = PBXBuildFile; fileRef = CE260F55263DD1720083A200 /* WalletCell.swift */; };
		CE37B643263867D700DEE13D /* SecureBackground.swift in Sources */ = {isa = PBXBuildFile; fileRef = CE37B642263867D700DEE13D /* SecureBackground.swift */; };
		CE4BD254264FF28900689FD6 /* Settings.swift in Sources */ = {isa = PBXBuildFile; fileRef = CE4BD253264FF28900689FD6 /* Settings.swift */; };
		CE4BD255264FF39400689FD6 /* Settings.storyboard in Resources */ = {isa = PBXBuildFile; fileRef = CE4BD257264FF39400689FD6 /* Settings.storyboard */; };
		CE4BD258264FF39D00689FD6 /* CertificateViewer.storyboard in Resources */ = {isa = PBXBuildFile; fileRef = CE4BD25A264FF39D00689FD6 /* CertificateViewer.storyboard */; };
		CE56BC07264068110044FD3F /* GatewayConnection.swift in Sources */ = {isa = PBXBuildFile; fileRef = CE56BC06264068110044FD3F /* GatewayConnection.swift */; };
		CE6B330E2651A54800845B8E /* SwiftDGC in Frameworks */ = {isa = PBXBuildFile; productRef = CE6B330D2651A54800845B8E /* SwiftDGC */; };
		CE6D4A44264835F100A5D33D /* Localizable.strings in Resources */ = {isa = PBXBuildFile; fileRef = CE6D4A46264835F100A5D33D /* Localizable.strings */; };
		CE8096D9263B07BB00A65AD6 /* UIColor.swift in Sources */ = {isa = PBXBuildFile; fileRef = CE8096D8263B07BB00A65AD6 /* UIColor.swift */; };
		CE81533A263FF7EC0030D777 /* README.md in Resources */ = {isa = PBXBuildFile; fileRef = CE815339263FF7EC0030D777 /* README.md */; };
		CE8912FB2634C6B900CB92AF /* Alamofire in Frameworks */ = {isa = PBXBuildFile; productRef = CE8912FA2634C6B900CB92AF /* Alamofire */; };
		CE891305263581D900CB92AF /* Home.swift in Sources */ = {isa = PBXBuildFile; fileRef = CE891304263581D900CB92AF /* Home.swift */; };
		CEA15563262F6DAB0024B7AC /* CertViewerDelegate.swift in Sources */ = {isa = PBXBuildFile; fileRef = CEA15562262F6DAB0024B7AC /* CertViewerDelegate.swift */; };
		CEA1556B262F784E0024B7AC /* SelfSizedTableView.swift in Sources */ = {isa = PBXBuildFile; fileRef = CEA1556A262F784E0024B7AC /* SelfSizedTableView.swift */; };
		CEA15570262F79DE0024B7AC /* InfoCell.swift in Sources */ = {isa = PBXBuildFile; fileRef = CEA1556F262F79DE0024B7AC /* InfoCell.swift */; };
		CEA6D6EC261F8D2700715333 /* AppDelegate.swift in Sources */ = {isa = PBXBuildFile; fileRef = CEA6D6EB261F8D2700715333 /* AppDelegate.swift */; };
		CEA6D6EE261F8D2700715333 /* SceneDelegate.swift in Sources */ = {isa = PBXBuildFile; fileRef = CEA6D6ED261F8D2700715333 /* SceneDelegate.swift */; };
		CEA6D6F3261F8D2700715333 /* Main.storyboard in Resources */ = {isa = PBXBuildFile; fileRef = CEA6D6F1261F8D2700715333 /* Main.storyboard */; };
		CEA6D6F5261F8D2900715333 /* Assets.xcassets in Resources */ = {isa = PBXBuildFile; fileRef = CEA6D6F4261F8D2900715333 /* Assets.xcassets */; };
		CEA6D6F8261F8D2900715333 /* LaunchScreen.storyboard in Resources */ = {isa = PBXBuildFile; fileRef = CEA6D6F6261F8D2900715333 /* LaunchScreen.storyboard */; };
		CEA6D703261F8D2900715333 /* DGCAWalletTests.swift in Sources */ = {isa = PBXBuildFile; fileRef = CEA6D702261F8D2900715333 /* DGCAWalletTests.swift */; };
		CEA6D70E261F8D2900715333 /* DGCAWalletUITests.swift in Sources */ = {isa = PBXBuildFile; fileRef = CEA6D70D261F8D2900715333 /* DGCAWalletUITests.swift */; };
		CED2726026398683003D47A9 /* UIFont.swift in Sources */ = {isa = PBXBuildFile; fileRef = CED2725F26398683003D47A9 /* UIFont.swift */; };
		CED949CA263B50CE00883558 /* List.swift in Sources */ = {isa = PBXBuildFile; fileRef = CED949C9263B50CE00883558 /* List.swift */; };
		CEDABD40263C5FF4007A9B97 /* CertTable.swift in Sources */ = {isa = PBXBuildFile; fileRef = CEDABD3F263C5FF4007A9B97 /* CertTable.swift */; };
		CEDABD49263C70EF007A9B97 /* CertPages.swift in Sources */ = {isa = PBXBuildFile; fileRef = CEDABD48263C70EF007A9B97 /* CertPages.swift */; };
		CEE9DA55263C7D4000A31532 /* CertCode.swift in Sources */ = {isa = PBXBuildFile; fileRef = CEE9DA54263C7D4000A31532 /* CertCode.swift */; };
		CEE9DA5D263C865200A31532 /* Brightness.swift in Sources */ = {isa = PBXBuildFile; fileRef = CEE9DA5C263C865200A31532 /* Brightness.swift */; };
		CEFAD87F262714C4009AFEF9 /* EHNTests.swift in Sources */ = {isa = PBXBuildFile; fileRef = CEFAD87E262714C4009AFEF9 /* EHNTests.swift */; };
		D20F9D472727EBD70046E55E /* context.jsonc in Resources */ = {isa = PBXBuildFile; fileRef = 5CFEDB1A269DBB4C00074F66 /* context.jsonc */; };
		D20F9D482727EBD70046E55E /* context.jsonc in Resources */ = {isa = PBXBuildFile; fileRef = 5CFEDB1A269DBB4C00074F66 /* context.jsonc */; };
		D20F9D492727EBD80046E55E /* context.jsonc in Resources */ = {isa = PBXBuildFile; fileRef = 5CFEDB1A269DBB4C00074F66 /* context.jsonc */; };
		D23EF7A6272057F40097D82B /* CertificateTVC.swift in Sources */ = {isa = PBXBuildFile; fileRef = D23EF7A4272057F40097D82B /* CertificateTVC.swift */; };
		D23EF7A7272057F40097D82B /* ServerTVC.swift in Sources */ = {isa = PBXBuildFile; fileRef = D23EF7A5272057F40097D82B /* ServerTVC.swift */; };
		D24C8951272353610090398A /* ScanWalletController.swift in Sources */ = {isa = PBXBuildFile; fileRef = D24C8950272353610090398A /* ScanWalletController.swift */; };
		DA01661C265541C0005B73A1 /* LicenseList.swift in Sources */ = {isa = PBXBuildFile; fileRef = DA01661B265541C0005B73A1 /* LicenseList.swift */; };
		DA01661E26554992005B73A1 /* OpenSourceNotices.json in Resources */ = {isa = PBXBuildFile; fileRef = DA01661D26554992005B73A1 /* OpenSourceNotices.json */; };
		DA01662026554E02005B73A1 /* LicenseCell.swift in Sources */ = {isa = PBXBuildFile; fileRef = DA01661F26554E02005B73A1 /* LicenseCell.swift */; };
		DA01662226558B2F005B73A1 /* LicenseVC.swift in Sources */ = {isa = PBXBuildFile; fileRef = DA01662126558B2F005B73A1 /* LicenseVC.swift */; };
		DA017DE626552259006E4D49 /* Licenses.storyboard in Resources */ = {isa = PBXBuildFile; fileRef = DA017DE526552259006E4D49 /* Licenses.storyboard */; };
		FE1D1A6B27148CBE00765A9A /* CryptoSwift in Frameworks */ = {isa = PBXBuildFile; productRef = FE1D1A6A27148CBE00765A9A /* CryptoSwift */; };
		FE6E78882702033300C142A3 /* JWTDecode in Frameworks */ = {isa = PBXBuildFile; productRef = FE6E78872702033300C142A3 /* JWTDecode */; };
		FEAEA96526FBB13600B94FFF /* AccessTokenResponse.swift in Sources */ = {isa = PBXBuildFile; fileRef = FEAEA96426FBB13600B94FFF /* AccessTokenResponse.swift */; };
		FEBE53B62721A3EA003B61FB /* LimitationCell.swift in Sources */ = {isa = PBXBuildFile; fileRef = FEBE53B42721A3EA003B61FB /* LimitationCell.swift */; };
		FEC54BE4271F26990048B6BC /* IdentityService.swift in Sources */ = {isa = PBXBuildFile; fileRef = FEC54BE3271F26990048B6BC /* IdentityService.swift */; };
		FEC54BE6271F27180048B6BC /* AccessTokenService.swift in Sources */ = {isa = PBXBuildFile; fileRef = FEC54BE5271F27180048B6BC /* AccessTokenService.swift */; };
		FEC54BE927201D660048B6BC /* ValidationResultViewController.swift in Sources */ = {isa = PBXBuildFile; fileRef = FEC54BE727201D660048B6BC /* ValidationResultViewController.swift */; };
/* End PBXBuildFile section */

/* Begin PBXContainerItemProxy section */
		CEA6D6FF261F8D2900715333 /* PBXContainerItemProxy */ = {
			isa = PBXContainerItemProxy;
			containerPortal = CEA6D6E0261F8D2700715333 /* Project object */;
			proxyType = 1;
			remoteGlobalIDString = CEA6D6E7261F8D2700715333;
			remoteInfo = DGCAWallet;
		};
		CEA6D70A261F8D2900715333 /* PBXContainerItemProxy */ = {
			isa = PBXContainerItemProxy;
			containerPortal = CEA6D6E0261F8D2700715333 /* Project object */;
			proxyType = 1;
			remoteGlobalIDString = CEA6D6E7261F8D2700715333;
			remoteInfo = DGCAWallet;
		};
/* End PBXContainerItemProxy section */

/* Begin PBXFileReference section */
		5C00071826CFAED2002E5013 /* UIImage+.swift */ = {isa = PBXFileReference; lastKnownFileType = sourcecode.swift; path = "UIImage+.swift"; sourceTree = "<group>"; };
		5C00071B26D38CC3002E5013 /* NFCHelper.swift */ = {isa = PBXFileReference; lastKnownFileType = sourcecode.swift; path = NFCHelper.swift; sourceTree = "<group>"; };
		5C00071F26D38D58002E5013 /* DGCAWallet.entitlements */ = {isa = PBXFileReference; fileEncoding = 4; lastKnownFileType = text.plist.entitlements; path = DGCAWallet.entitlements; sourceTree = SOURCE_ROOT; };
		5C00072026D38D6D002E5013 /* DGCAWallet.entitlements */ = {isa = PBXFileReference; lastKnownFileType = text.plist.entitlements; path = DGCAWallet.entitlements; sourceTree = "<group>"; };
		5C00072126D3A40E002E5013 /* SavedImage.swift */ = {isa = PBXFileReference; lastKnownFileType = sourcecode.swift; path = SavedImage.swift; sourceTree = "<group>"; };
		5C00072526D3A6CD002E5013 /* String+.swift */ = {isa = PBXFileReference; lastKnownFileType = sourcecode.swift; path = "String+.swift"; sourceTree = "<group>"; };
		5C00072926D3A77D002E5013 /* ImageDataStorage.swift */ = {isa = PBXFileReference; indentWidth = 2; lastKnownFileType = sourcecode.swift; path = ImageDataStorage.swift; sourceTree = "<group>"; tabWidth = 2; };
		5C00072D26D3AC11002E5013 /* SavedPDF.swift */ = {isa = PBXFileReference; lastKnownFileType = sourcecode.swift; path = SavedPDF.swift; sourceTree = "<group>"; };
		5C00073126D3AEDE002E5013 /* PdfDataStorage.swift */ = {isa = PBXFileReference; indentWidth = 2; lastKnownFileType = sourcecode.swift; path = PdfDataStorage.swift; sourceTree = "<group>"; tabWidth = 2; };
		5C00073526D625D0002E5013 /* PDFTableViewCell.swift */ = {isa = PBXFileReference; indentWidth = 2; lastKnownFileType = sourcecode.swift; path = PDFTableViewCell.swift; sourceTree = "<group>"; tabWidth = 2; };
		5C00073926D625DE002E5013 /* ImageTableViewCell.swift */ = {isa = PBXFileReference; indentWidth = 2; lastKnownFileType = sourcecode.swift; path = ImageTableViewCell.swift; sourceTree = "<group>"; tabWidth = 2; };
		5C00073D26D641CC002E5013 /* ImageViewerVC.swift */ = {isa = PBXFileReference; lastKnownFileType = sourcecode.swift; path = ImageViewerVC.swift; sourceTree = "<group>"; };
		5C00074526D641E2002E5013 /* PDFViewerVC.swift */ = {isa = PBXFileReference; indentWidth = 2; lastKnownFileType = sourcecode.swift; path = PDFViewerVC.swift; sourceTree = "<group>"; tabWidth = 2; };
		5C50CF07269700540015EE29 /* CheckValidityVC.swift */ = {isa = PBXFileReference; indentWidth = 2; lastKnownFileType = sourcecode.swift; path = CheckValidityVC.swift; sourceTree = "<group>"; tabWidth = 2; };
		5C50CF0F269700710015EE29 /* RuleValidationResultVC.swift */ = {isa = PBXFileReference; indentWidth = 2; lastKnownFileType = sourcecode.swift; path = RuleValidationResultVC.swift; sourceTree = "<group>"; tabWidth = 2; };
		5C50CF192697023B0015EE29 /* RuleErrorTVC.swift */ = {isa = PBXFileReference; fileEncoding = 4; lastKnownFileType = sourcecode.swift; path = RuleErrorTVC.swift; sourceTree = "<group>"; };
		5C50CF21269704240015EE29 /* UIViewController+.swift */ = {isa = PBXFileReference; lastKnownFileType = sourcecode.swift; path = "UIViewController+.swift"; sourceTree = "<group>"; };
		5C50CF2526972BCA0015EE29 /* CellWithTitleAndDescriptionTVC.swift */ = {isa = PBXFileReference; lastKnownFileType = sourcecode.swift; path = CellWithTitleAndDescriptionTVC.swift; sourceTree = "<group>"; };
		5C50CF2D26972BFD0015EE29 /* CellWithDateAndCountryTVC.swift */ = {isa = PBXFileReference; lastKnownFileType = sourcecode.swift; path = CellWithDateAndCountryTVC.swift; sourceTree = "<group>"; };
		5C50CF352697315B0015EE29 /* ValidityCellModel.swift */ = {isa = PBXFileReference; lastKnownFileType = sourcecode.swift; path = ValidityCellModel.swift; sourceTree = "<group>"; };
		5C50CF3926973D9D0015EE29 /* UserDefaults+.swift */ = {isa = PBXFileReference; lastKnownFileType = sourcecode.swift; path = "UserDefaults+.swift"; sourceTree = "<group>"; };
		5C50CF3D26983E090015EE29 /* UITableView+.swift */ = {isa = PBXFileReference; lastKnownFileType = sourcecode.swift; path = "UITableView+.swift"; sourceTree = "<group>"; };
		5C556D4026F9DAF7007E2C2E /* TicketCodeAcceptViewController.swift */ = {isa = PBXFileReference; fileEncoding = 4; indentWidth = 2; lastKnownFileType = sourcecode.swift; path = TicketCodeAcceptViewController.swift; sourceTree = "<group>"; tabWidth = 2; };
		5C556D4726F9F8AC007E2C2E /* CertificatesListVC.swift */ = {isa = PBXFileReference; indentWidth = 2; lastKnownFileType = sourcecode.swift; path = CertificatesListVC.swift; sourceTree = "<group>"; tabWidth = 2; };
		5C556D4F26F9F8C6007E2C2E /* ServersListVC.swift */ = {isa = PBXFileReference; indentWidth = 2; lastKnownFileType = sourcecode.swift; path = ServersListVC.swift; sourceTree = "<group>"; tabWidth = 2; };
		5CE07C772692E1CC00A032F9 /* CountryDataStorage.swift */ = {isa = PBXFileReference; fileEncoding = 4; indentWidth = 2; lastKnownFileType = sourcecode.swift; path = CountryDataStorage.swift; sourceTree = "<group>"; tabWidth = 2; };
		5CE07C782692E1CD00A032F9 /* ValueSetsDataStorage.swift */ = {isa = PBXFileReference; fileEncoding = 4; indentWidth = 2; lastKnownFileType = sourcecode.swift; path = ValueSetsDataStorage.swift; sourceTree = "<group>"; tabWidth = 2; };
		5CE07C792692E1CD00A032F9 /* RulesDataStorage.swift */ = {isa = PBXFileReference; fileEncoding = 4; lastKnownFileType = sourcecode.swift; path = RulesDataStorage.swift; sourceTree = "<group>"; };
		5CE07C832692E21E00A032F9 /* CertLogicEngineManager.swift */ = {isa = PBXFileReference; fileEncoding = 4; lastKnownFileType = sourcecode.swift; path = CertLogicEngineManager.swift; sourceTree = "<group>"; };
		5CFEDB18269DBB4C00074F66 /* context.jsonc */ = {isa = PBXFileReference; fileEncoding = 4; lastKnownFileType = text; path = context.jsonc; sourceTree = "<group>"; };
		5CFEDB1A269DBB4C00074F66 /* context.jsonc */ = {isa = PBXFileReference; fileEncoding = 4; lastKnownFileType = text; path = context.jsonc; sourceTree = "<group>"; };
		CE13CF09262DCDDA0070C80E /* CertificateViewer.swift */ = {isa = PBXFileReference; indentWidth = 2; lastKnownFileType = sourcecode.swift; path = CertificateViewer.swift; sourceTree = "<group>"; tabWidth = 2; };
		CE13CF0E262DD0D80070C80E /* FullFloatingPanelLayout.swift */ = {isa = PBXFileReference; lastKnownFileType = sourcecode.swift; path = FullFloatingPanelLayout.swift; sourceTree = "<group>"; };
		CE13CF22262DDF810070C80E /* RoundedButton.swift */ = {isa = PBXFileReference; lastKnownFileType = sourcecode.swift; path = RoundedButton.swift; sourceTree = "<group>"; };
		CE1D1EF5263597A2004C8919 /* LocalData.swift */ = {isa = PBXFileReference; indentWidth = 2; lastKnownFileType = sourcecode.swift; path = LocalData.swift; sourceTree = "<group>"; tabWidth = 2; };
		CE260F55263DD1720083A200 /* WalletCell.swift */ = {isa = PBXFileReference; lastKnownFileType = sourcecode.swift; path = WalletCell.swift; sourceTree = "<group>"; };
		CE37B642263867D700DEE13D /* SecureBackground.swift */ = {isa = PBXFileReference; lastKnownFileType = sourcecode.swift; path = SecureBackground.swift; sourceTree = "<group>"; };
		CE4BD253264FF28900689FD6 /* Settings.swift */ = {isa = PBXFileReference; fileEncoding = 4; lastKnownFileType = sourcecode.swift; path = Settings.swift; sourceTree = "<group>"; };
		CE4BD256264FF39400689FD6 /* Base */ = {isa = PBXFileReference; lastKnownFileType = file.storyboard; name = Base; path = Base.lproj/Settings.storyboard; sourceTree = "<group>"; };
		CE4BD259264FF39D00689FD6 /* Base */ = {isa = PBXFileReference; lastKnownFileType = file.storyboard; name = Base; path = Base.lproj/CertificateViewer.storyboard; sourceTree = "<group>"; };
		CE56BC06264068110044FD3F /* GatewayConnection.swift */ = {isa = PBXFileReference; indentWidth = 2; lastKnownFileType = sourcecode.swift; path = GatewayConnection.swift; sourceTree = "<group>"; tabWidth = 2; };
		CE6D4A45264835F100A5D33D /* en */ = {isa = PBXFileReference; lastKnownFileType = text.plist.strings; name = en; path = en.lproj/Localizable.strings; sourceTree = "<group>"; };
		CE8096D8263B07BB00A65AD6 /* UIColor.swift */ = {isa = PBXFileReference; lastKnownFileType = sourcecode.swift; path = UIColor.swift; sourceTree = "<group>"; };
		CE815339263FF7EC0030D777 /* README.md */ = {isa = PBXFileReference; fileEncoding = 4; lastKnownFileType = net.daringfireball.markdown; path = README.md; sourceTree = SOURCE_ROOT; };
		CE891304263581D900CB92AF /* Home.swift */ = {isa = PBXFileReference; lastKnownFileType = sourcecode.swift; path = Home.swift; sourceTree = "<group>"; };
		CEA15562262F6DAB0024B7AC /* CertViewerDelegate.swift */ = {isa = PBXFileReference; lastKnownFileType = sourcecode.swift; path = CertViewerDelegate.swift; sourceTree = "<group>"; };
		CEA1556A262F784E0024B7AC /* SelfSizedTableView.swift */ = {isa = PBXFileReference; lastKnownFileType = sourcecode.swift; path = SelfSizedTableView.swift; sourceTree = "<group>"; };
		CEA1556F262F79DE0024B7AC /* InfoCell.swift */ = {isa = PBXFileReference; lastKnownFileType = sourcecode.swift; path = InfoCell.swift; sourceTree = "<group>"; };
		CEA6D6E8261F8D2700715333 /* DGCAWallet.app */ = {isa = PBXFileReference; explicitFileType = wrapper.application; includeInIndex = 0; path = DGCAWallet.app; sourceTree = BUILT_PRODUCTS_DIR; };
		CEA6D6EB261F8D2700715333 /* AppDelegate.swift */ = {isa = PBXFileReference; lastKnownFileType = sourcecode.swift; path = AppDelegate.swift; sourceTree = "<group>"; };
		CEA6D6ED261F8D2700715333 /* SceneDelegate.swift */ = {isa = PBXFileReference; lastKnownFileType = sourcecode.swift; path = SceneDelegate.swift; sourceTree = "<group>"; };
		CEA6D6F2261F8D2700715333 /* Base */ = {isa = PBXFileReference; lastKnownFileType = file.storyboard; name = Base; path = Base.lproj/Main.storyboard; sourceTree = "<group>"; };
		CEA6D6F4261F8D2900715333 /* Assets.xcassets */ = {isa = PBXFileReference; lastKnownFileType = folder.assetcatalog; path = Assets.xcassets; sourceTree = "<group>"; };
		CEA6D6F7261F8D2900715333 /* Base */ = {isa = PBXFileReference; lastKnownFileType = file.storyboard; name = Base; path = Base.lproj/LaunchScreen.storyboard; sourceTree = "<group>"; };
		CEA6D6F9261F8D2900715333 /* Info.plist */ = {isa = PBXFileReference; lastKnownFileType = text.plist.xml; path = Info.plist; sourceTree = "<group>"; };
		CEA6D6FE261F8D2900715333 /* DGCAWalletTests.xctest */ = {isa = PBXFileReference; explicitFileType = wrapper.cfbundle; includeInIndex = 0; path = DGCAWalletTests.xctest; sourceTree = BUILT_PRODUCTS_DIR; };
		CEA6D702261F8D2900715333 /* DGCAWalletTests.swift */ = {isa = PBXFileReference; lastKnownFileType = sourcecode.swift; path = DGCAWalletTests.swift; sourceTree = "<group>"; };
		CEA6D704261F8D2900715333 /* Info.plist */ = {isa = PBXFileReference; lastKnownFileType = text.plist.xml; path = Info.plist; sourceTree = "<group>"; };
		CEA6D709261F8D2900715333 /* DGCAWalletUITests.xctest */ = {isa = PBXFileReference; explicitFileType = wrapper.cfbundle; includeInIndex = 0; path = DGCAWalletUITests.xctest; sourceTree = BUILT_PRODUCTS_DIR; };
		CEA6D70D261F8D2900715333 /* DGCAWalletUITests.swift */ = {isa = PBXFileReference; lastKnownFileType = sourcecode.swift; path = DGCAWalletUITests.swift; sourceTree = "<group>"; };
		CEA6D70F261F8D2900715333 /* Info.plist */ = {isa = PBXFileReference; lastKnownFileType = text.plist.xml; path = Info.plist; sourceTree = "<group>"; };
		CED2725F26398683003D47A9 /* UIFont.swift */ = {isa = PBXFileReference; lastKnownFileType = sourcecode.swift; path = UIFont.swift; sourceTree = "<group>"; };
		CED949C9263B50CE00883558 /* List.swift */ = {isa = PBXFileReference; indentWidth = 2; lastKnownFileType = sourcecode.swift; path = List.swift; sourceTree = "<group>"; tabWidth = 2; };
		CEDABD3F263C5FF4007A9B97 /* CertTable.swift */ = {isa = PBXFileReference; lastKnownFileType = sourcecode.swift; path = CertTable.swift; sourceTree = "<group>"; };
		CEDABD48263C70EF007A9B97 /* CertPages.swift */ = {isa = PBXFileReference; lastKnownFileType = sourcecode.swift; path = CertPages.swift; sourceTree = "<group>"; };
		CEDCA79B2639E77800FCB83E /* Package.resolved */ = {isa = PBXFileReference; lastKnownFileType = text; name = Package.resolved; path = DGCAWallet.xcodeproj/project.xcworkspace/xcshareddata/swiftpm/Package.resolved; sourceTree = SOURCE_ROOT; };
		CEE9DA54263C7D4000A31532 /* CertCode.swift */ = {isa = PBXFileReference; lastKnownFileType = sourcecode.swift; path = CertCode.swift; sourceTree = "<group>"; };
		CEE9DA5C263C865200A31532 /* Brightness.swift */ = {isa = PBXFileReference; lastKnownFileType = sourcecode.swift; path = Brightness.swift; sourceTree = "<group>"; };
		CEFAD87E262714C4009AFEF9 /* EHNTests.swift */ = {isa = PBXFileReference; lastKnownFileType = sourcecode.swift; path = EHNTests.swift; sourceTree = "<group>"; };
		D23EF7A4272057F40097D82B /* CertificateTVC.swift */ = {isa = PBXFileReference; fileEncoding = 4; lastKnownFileType = sourcecode.swift; path = CertificateTVC.swift; sourceTree = "<group>"; };
		D23EF7A5272057F40097D82B /* ServerTVC.swift */ = {isa = PBXFileReference; fileEncoding = 4; lastKnownFileType = sourcecode.swift; path = ServerTVC.swift; sourceTree = "<group>"; };
		D24C8950272353610090398A /* ScanWalletController.swift */ = {isa = PBXFileReference; fileEncoding = 4; indentWidth = 2; lastKnownFileType = sourcecode.swift; path = ScanWalletController.swift; sourceTree = "<group>"; tabWidth = 2; };
		DA01661B265541C0005B73A1 /* LicenseList.swift */ = {isa = PBXFileReference; lastKnownFileType = sourcecode.swift; path = LicenseList.swift; sourceTree = "<group>"; };
		DA01661D26554992005B73A1 /* OpenSourceNotices.json */ = {isa = PBXFileReference; lastKnownFileType = text.json; path = OpenSourceNotices.json; sourceTree = "<group>"; };
		DA01661F26554E02005B73A1 /* LicenseCell.swift */ = {isa = PBXFileReference; lastKnownFileType = sourcecode.swift; path = LicenseCell.swift; sourceTree = "<group>"; };
		DA01662126558B2F005B73A1 /* LicenseVC.swift */ = {isa = PBXFileReference; lastKnownFileType = sourcecode.swift; path = LicenseVC.swift; sourceTree = "<group>"; };
		DA017DE526552259006E4D49 /* Licenses.storyboard */ = {isa = PBXFileReference; lastKnownFileType = file.storyboard; path = Licenses.storyboard; sourceTree = "<group>"; };
		FE6F225327142AB1003AE754 /* dgca-app-core-ios */ = {isa = PBXFileReference; lastKnownFileType = folder; name = "dgca-app-core-ios"; path = "../dgca-app-core-ios"; sourceTree = "<group>"; };
		FEAEA96426FBB13600B94FFF /* AccessTokenResponse.swift */ = {isa = PBXFileReference; lastKnownFileType = sourcecode.swift; path = AccessTokenResponse.swift; sourceTree = "<group>"; };
		FEBE53B42721A3EA003B61FB /* LimitationCell.swift */ = {isa = PBXFileReference; lastKnownFileType = sourcecode.swift; path = LimitationCell.swift; sourceTree = "<group>"; };
		FEC54BE3271F26990048B6BC /* IdentityService.swift */ = {isa = PBXFileReference; lastKnownFileType = sourcecode.swift; path = IdentityService.swift; sourceTree = "<group>"; };
		FEC54BE5271F27180048B6BC /* AccessTokenService.swift */ = {isa = PBXFileReference; lastKnownFileType = sourcecode.swift; path = AccessTokenService.swift; sourceTree = "<group>"; };
		FEC54BE727201D660048B6BC /* ValidationResultViewController.swift */ = {isa = PBXFileReference; lastKnownFileType = sourcecode.swift; path = ValidationResultViewController.swift; sourceTree = "<group>"; };
/* End PBXFileReference section */

/* Begin PBXFrameworksBuildPhase section */
		CEA6D6E5261F8D2700715333 /* Frameworks */ = {
			isa = PBXFrameworksBuildPhase;
			buildActionMask = 2147483647;
			files = (
				CE8912FB2634C6B900CB92AF /* Alamofire in Frameworks */,
				5CE07C762692E0D900A032F9 /* CertLogic in Frameworks */,
				FE6E78882702033300C142A3 /* JWTDecode in Frameworks */,
				CE6B330E2651A54800845B8E /* SwiftDGC in Frameworks */,
				CE1F155C2639F9E700736D48 /* SwiftyJSON in Frameworks */,
				CE13CF00262DCC180070C80E /* FloatingPanel in Frameworks */,
				FE1D1A6B27148CBE00765A9A /* CryptoSwift in Frameworks */,
			);
			runOnlyForDeploymentPostprocessing = 0;
		};
		CEA6D6FB261F8D2900715333 /* Frameworks */ = {
			isa = PBXFrameworksBuildPhase;
			buildActionMask = 2147483647;
			files = (
			);
			runOnlyForDeploymentPostprocessing = 0;
		};
		CEA6D706261F8D2900715333 /* Frameworks */ = {
			isa = PBXFrameworksBuildPhase;
			buildActionMask = 2147483647;
			files = (
			);
			runOnlyForDeploymentPostprocessing = 0;
		};
/* End PBXFrameworksBuildPhase section */

/* Begin PBXGroup section */
		5C00071A26D38C5C002E5013 /* NFC */ = {
			isa = PBXGroup;
			children = (
				5C00071F26D38D58002E5013 /* DGCAWallet.entitlements */,
				5C00071B26D38CC3002E5013 /* NFCHelper.swift */,
			);
			path = NFC;
			sourceTree = "<group>";
		};
		5C50CF172697009E0015EE29 /* CheckValidityCells */ = {
			isa = PBXGroup;
			children = (
				5C50CF2526972BCA0015EE29 /* CellWithTitleAndDescriptionTVC.swift */,
				5C50CF2D26972BFD0015EE29 /* CellWithDateAndCountryTVC.swift */,
			);
			path = CheckValidityCells;
			sourceTree = "<group>";
		};
		5CFEDB16269DBB4C00074F66 /* Context */ = {
			isa = PBXGroup;
			children = (
				5CFEDB17269DBB4C00074F66 /* Test */,
				5CFEDB19269DBB4C00074F66 /* Release */,
			);
			path = Context;
			sourceTree = SOURCE_ROOT;
		};
		5CFEDB17269DBB4C00074F66 /* Test */ = {
			isa = PBXGroup;
			children = (
				5CFEDB18269DBB4C00074F66 /* context.jsonc */,
			);
			path = Test;
			sourceTree = "<group>";
		};
		5CFEDB19269DBB4C00074F66 /* Release */ = {
			isa = PBXGroup;
			children = (
				5CFEDB1A269DBB4C00074F66 /* context.jsonc */,
			);
			path = Release;
			sourceTree = "<group>";
		};
		CE13CF19262DDE200070C80E /* Storyboards */ = {
			isa = PBXGroup;
			children = (
				CEA6D6F6261F8D2900715333 /* LaunchScreen.storyboard */,
				CEA6D6F1261F8D2700715333 /* Main.storyboard */,
				CE4BD25A264FF39D00689FD6 /* CertificateViewer.storyboard */,
				CE4BD257264FF39400689FD6 /* Settings.storyboard */,
				DA017DE526552259006E4D49 /* Licenses.storyboard */,
			);
			path = Storyboards;
			sourceTree = "<group>";
		};
		CE13CF1A262DDE330070C80E /* Services */ = {
			isa = PBXGroup;
			children = (
				CE37B642263867D700DEE13D /* SecureBackground.swift */,
				CEE9DA5C263C865200A31532 /* Brightness.swift */,
				CE56BC06264068110044FD3F /* GatewayConnection.swift */,
				5CE07C832692E21E00A032F9 /* CertLogicEngineManager.swift */,
			);
			path = Services;
			sourceTree = "<group>";
		};
		CE13CF1B262DDE540070C80E /* Extensions */ = {
			isa = PBXGroup;
			children = (
				CED2725F26398683003D47A9 /* UIFont.swift */,
				CE8096D8263B07BB00A65AD6 /* UIColor.swift */,
				5C50CF21269704240015EE29 /* UIViewController+.swift */,
				5C50CF3926973D9D0015EE29 /* UserDefaults+.swift */,
				5C50CF3D26983E090015EE29 /* UITableView+.swift */,
				5C00071826CFAED2002E5013 /* UIImage+.swift */,
				5C00072526D3A6CD002E5013 /* String+.swift */,
			);
			path = Extensions;
			sourceTree = "<group>";
		};
		CE13CF1C262DDE600070C80E /* ViewControllers */ = {
			isa = PBXGroup;
			children = (
				D24C8950272353610090398A /* ScanWalletController.swift */,
				CE13CF09262DCDDA0070C80E /* CertificateViewer.swift */,
				CED949C9263B50CE00883558 /* List.swift */,
				CEE9DA54263C7D4000A31532 /* CertCode.swift */,
				CE891304263581D900CB92AF /* Home.swift */,
				CEDABD48263C70EF007A9B97 /* CertPages.swift */,
				CEDABD3F263C5FF4007A9B97 /* CertTable.swift */,
				CE4BD253264FF28900689FD6 /* Settings.swift */,
				DA01661B265541C0005B73A1 /* LicenseList.swift */,
				DA01662126558B2F005B73A1 /* LicenseVC.swift */,
				5C50CF07269700540015EE29 /* CheckValidityVC.swift */,
				5C50CF0F269700710015EE29 /* RuleValidationResultVC.swift */,
				5C00073D26D641CC002E5013 /* ImageViewerVC.swift */,
				5C00074526D641E2002E5013 /* PDFViewerVC.swift */,
				5C556D4026F9DAF7007E2C2E /* TicketCodeAcceptViewController.swift */,
				5C556D4726F9F8AC007E2C2E /* CertificatesListVC.swift */,
				5C556D4F26F9F8C6007E2C2E /* ServersListVC.swift */,
				FEC54BE727201D660048B6BC /* ValidationResultViewController.swift */,
			);
			path = ViewControllers;
			sourceTree = "<group>";
		};
		CE13CF1D262DDE730070C80E /* Components */ = {
			isa = PBXGroup;
			children = (
				D23EF7A4272057F40097D82B /* CertificateTVC.swift */,
				D23EF7A5272057F40097D82B /* ServerTVC.swift */,
				5C50CF192697023B0015EE29 /* RuleErrorTVC.swift */,
				5C50CF172697009E0015EE29 /* CheckValidityCells */,
				CE13CF0E262DD0D80070C80E /* FullFloatingPanelLayout.swift */,
				CE13CF22262DDF810070C80E /* RoundedButton.swift */,
				CE260F55263DD1720083A200 /* WalletCell.swift */,
				CEA1556A262F784E0024B7AC /* SelfSizedTableView.swift */,
				CEA1556F262F79DE0024B7AC /* InfoCell.swift */,
				DA01661F26554E02005B73A1 /* LicenseCell.swift */,
				5C00073526D625D0002E5013 /* PDFTableViewCell.swift */,
				5C00073926D625DE002E5013 /* ImageTableViewCell.swift */,
				FEBE53B42721A3EA003B61FB /* LimitationCell.swift */,
			);
			path = Components;
			sourceTree = "<group>";
		};
		CE13CF1E262DDE800070C80E /* SupportingFiles */ = {
			isa = PBXGroup;
			children = (
				5CFEDB16269DBB4C00074F66 /* Context */,
				CE815339263FF7EC0030D777 /* README.md */,
				CEDCA79B2639E77800FCB83E /* Package.resolved */,
				CEA6D6EB261F8D2700715333 /* AppDelegate.swift */,
				CEA6D6ED261F8D2700715333 /* SceneDelegate.swift */,
				CEA6D6F4261F8D2900715333 /* Assets.xcassets */,
				CEA6D6F9261F8D2900715333 /* Info.plist */,
				CE6D4A46264835F100A5D33D /* Localizable.strings */,
				DA01661D26554992005B73A1 /* OpenSourceNotices.json */,
			);
			path = SupportingFiles;
			sourceTree = "<group>";
		};
		CE157F8B262E24EC00FE4821 /* Models */ = {
			isa = PBXGroup;
			children = (
				CE1D1EF5263597A2004C8919 /* LocalData.swift */,
				5CE07C772692E1CC00A032F9 /* CountryDataStorage.swift */,
				5CE07C792692E1CD00A032F9 /* RulesDataStorage.swift */,
				5CE07C782692E1CD00A032F9 /* ValueSetsDataStorage.swift */,
				5C50CF352697315B0015EE29 /* ValidityCellModel.swift */,
				5C00072126D3A40E002E5013 /* SavedImage.swift */,
				5C00072926D3A77D002E5013 /* ImageDataStorage.swift */,
				5C00072D26D3AC11002E5013 /* SavedPDF.swift */,
				5C00073126D3AEDE002E5013 /* PdfDataStorage.swift */,
				FEAEA96426FBB13600B94FFF /* AccessTokenResponse.swift */,
			);
			path = Models;
			sourceTree = "<group>";
		};
		CE56B5032639F48E00FB31B1 /* Frameworks */ = {
			isa = PBXGroup;
			children = (
			);
			name = Frameworks;
			sourceTree = "<group>";
		};
		CEA15561262F6DA10024B7AC /* Protocols */ = {
			isa = PBXGroup;
			children = (
				CEA15562262F6DAB0024B7AC /* CertViewerDelegate.swift */,
			);
			path = Protocols;
			sourceTree = "<group>";
		};
		CEA6D6DF261F8D2700715333 = {
			isa = PBXGroup;
			children = (
				FE6F225327142AB1003AE754 /* dgca-app-core-ios */,
				CEA6D6EA261F8D2700715333 /* DGCAWallet */,
				CEA6D701261F8D2900715333 /* DGCAWalletTests */,
				CEA6D70C261F8D2900715333 /* DGCAWalletUITests */,
				CEA6D6E9261F8D2700715333 /* Products */,
				CE56B5032639F48E00FB31B1 /* Frameworks */,
			);
			sourceTree = "<group>";
		};
		CEA6D6E9261F8D2700715333 /* Products */ = {
			isa = PBXGroup;
			children = (
				CEA6D6E8261F8D2700715333 /* DGCAWallet.app */,
				CEA6D6FE261F8D2900715333 /* DGCAWalletTests.xctest */,
				CEA6D709261F8D2900715333 /* DGCAWalletUITests.xctest */,
			);
			name = Products;
			sourceTree = "<group>";
		};
		CEA6D6EA261F8D2700715333 /* DGCAWallet */ = {
			isa = PBXGroup;
			children = (
				FEC54BDF271F24120048B6BC /* Ticketing */,
				5C00072026D38D6D002E5013 /* DGCAWallet.entitlements */,
				5C00071A26D38C5C002E5013 /* NFC */,
				CEA15561262F6DA10024B7AC /* Protocols */,
				CE157F8B262E24EC00FE4821 /* Models */,
				CE13CF1E262DDE800070C80E /* SupportingFiles */,
				CE13CF1D262DDE730070C80E /* Components */,
				CE13CF1C262DDE600070C80E /* ViewControllers */,
				CE13CF1B262DDE540070C80E /* Extensions */,
				CE13CF1A262DDE330070C80E /* Services */,
				CE13CF19262DDE200070C80E /* Storyboards */,
			);
			path = DGCAWallet;
			sourceTree = "<group>";
		};
		CEA6D701261F8D2900715333 /* DGCAWalletTests */ = {
			isa = PBXGroup;
			children = (
				CEA6D702261F8D2900715333 /* DGCAWalletTests.swift */,
				CEA6D704261F8D2900715333 /* Info.plist */,
				CEFAD87E262714C4009AFEF9 /* EHNTests.swift */,
			);
			path = DGCAWalletTests;
			sourceTree = "<group>";
		};
		CEA6D70C261F8D2900715333 /* DGCAWalletUITests */ = {
			isa = PBXGroup;
			children = (
				CEA6D70D261F8D2900715333 /* DGCAWalletUITests.swift */,
				CEA6D70F261F8D2900715333 /* Info.plist */,
			);
			path = DGCAWalletUITests;
			sourceTree = "<group>";
		};
		FEC54BDF271F24120048B6BC /* Ticketing */ = {
			isa = PBXGroup;
			children = (
				FEC54BE2271F24F80048B6BC /* Identity */,
				FEC54BE1271F24290048B6BC /* Validation */,
			);
			path = Ticketing;
			sourceTree = "<group>";
		};
		FEC54BE1271F24290048B6BC /* Validation */ = {
			isa = PBXGroup;
			children = (
			);
			path = Validation;
			sourceTree = "<group>";
		};
		FEC54BE2271F24F80048B6BC /* Identity */ = {
			isa = PBXGroup;
			children = (
				FEC54BE3271F26990048B6BC /* IdentityService.swift */,
				FEC54BE5271F27180048B6BC /* AccessTokenService.swift */,
			);
			path = Identity;
			sourceTree = "<group>";
		};
/* End PBXGroup section */

/* Begin PBXNativeTarget section */
		CEA6D6E7261F8D2700715333 /* DGCAWallet */ = {
			isa = PBXNativeTarget;
			buildConfigurationList = CEA6D712261F8D2900715333 /* Build configuration list for PBXNativeTarget "DGCAWallet" */;
			buildPhases = (
				CE17E3342645A0C100029D95 /* ShellScript */,
				CEA6D6E4261F8D2700715333 /* Sources */,
				CEA6D6E5261F8D2700715333 /* Frameworks */,
				CEA6D6E6261F8D2700715333 /* Resources */,
			);
			buildRules = (
			);
			dependencies = (
			);
			name = DGCAWallet;
			packageProductDependencies = (
				CE13CEFF262DCC180070C80E /* FloatingPanel */,
				CE8912FA2634C6B900CB92AF /* Alamofire */,
				CE1F155B2639F9E700736D48 /* SwiftyJSON */,
				CE6B330D2651A54800845B8E /* SwiftDGC */,
				5CE07C752692E0D900A032F9 /* CertLogic */,
				FE6E78872702033300C142A3 /* JWTDecode */,
				FE1D1A6A27148CBE00765A9A /* CryptoSwift */,
			);
			productName = DGCAWallet;
			productReference = CEA6D6E8261F8D2700715333 /* DGCAWallet.app */;
			productType = "com.apple.product-type.application";
		};
		CEA6D6FD261F8D2900715333 /* DGCAWalletTests */ = {
			isa = PBXNativeTarget;
			buildConfigurationList = CEA6D715261F8D2900715333 /* Build configuration list for PBXNativeTarget "DGCAWalletTests" */;
			buildPhases = (
				CEA6D6FA261F8D2900715333 /* Sources */,
				CEA6D6FB261F8D2900715333 /* Frameworks */,
				CEA6D6FC261F8D2900715333 /* Resources */,
			);
			buildRules = (
			);
			dependencies = (
				CEA6D700261F8D2900715333 /* PBXTargetDependency */,
			);
			name = DGCAWalletTests;
			productName = DGCAWalletTests;
			productReference = CEA6D6FE261F8D2900715333 /* DGCAWalletTests.xctest */;
			productType = "com.apple.product-type.bundle.unit-test";
		};
		CEA6D708261F8D2900715333 /* DGCAWalletUITests */ = {
			isa = PBXNativeTarget;
			buildConfigurationList = CEA6D718261F8D2900715333 /* Build configuration list for PBXNativeTarget "DGCAWalletUITests" */;
			buildPhases = (
				CEA6D705261F8D2900715333 /* Sources */,
				CEA6D706261F8D2900715333 /* Frameworks */,
				CEA6D707261F8D2900715333 /* Resources */,
			);
			buildRules = (
			);
			dependencies = (
				CEA6D70B261F8D2900715333 /* PBXTargetDependency */,
			);
			name = DGCAWalletUITests;
			productName = DGCAWalletUITests;
			productReference = CEA6D709261F8D2900715333 /* DGCAWalletUITests.xctest */;
			productType = "com.apple.product-type.bundle.ui-testing";
		};
/* End PBXNativeTarget section */

/* Begin PBXProject section */
		CEA6D6E0261F8D2700715333 /* Project object */ = {
			isa = PBXProject;
			attributes = {
				LastSwiftUpdateCheck = 1240;
				LastUpgradeCheck = 1240;
				TargetAttributes = {
					CEA6D6E7261F8D2700715333 = {
						CreatedOnToolsVersion = 12.4;
					};
					CEA6D6FD261F8D2900715333 = {
						CreatedOnToolsVersion = 12.4;
						TestTargetID = CEA6D6E7261F8D2700715333;
					};
					CEA6D708261F8D2900715333 = {
						CreatedOnToolsVersion = 12.4;
						TestTargetID = CEA6D6E7261F8D2700715333;
					};
				};
			};
			buildConfigurationList = CEA6D6E3261F8D2700715333 /* Build configuration list for PBXProject "DGCAWallet" */;
			compatibilityVersion = "Xcode 9.3";
			developmentRegion = en;
			hasScannedForEncodings = 0;
			knownRegions = (
				en,
				Base,
			);
			mainGroup = CEA6D6DF261F8D2700715333;
			packageReferences = (
				CE13CEFE262DCC180070C80E /* XCRemoteSwiftPackageReference "FloatingPanel" */,
				CE8912F92634C6B900CB92AF /* XCRemoteSwiftPackageReference "Alamofire" */,
				CE1F155A2639F9E700736D48 /* XCRemoteSwiftPackageReference "SwiftyJSON" */,
				CE6B330C2651A54800845B8E /* XCRemoteSwiftPackageReference "dgca-app-core-ios" */,
				5CE07C742692E0D900A032F9 /* XCRemoteSwiftPackageReference "dgc-certlogic-ios" */,
				FE6E78862702033200C142A3 /* XCRemoteSwiftPackageReference "JWTDecode.swift" */,
				FE1D1A6927148CBE00765A9A /* XCRemoteSwiftPackageReference "CryptoSwift" */,
			);
			productRefGroup = CEA6D6E9261F8D2700715333 /* Products */;
			projectDirPath = "";
			projectRoot = "";
			targets = (
				CEA6D6E7261F8D2700715333 /* DGCAWallet */,
				CEA6D6FD261F8D2900715333 /* DGCAWalletTests */,
				CEA6D708261F8D2900715333 /* DGCAWalletUITests */,
			);
		};
/* End PBXProject section */

/* Begin PBXResourcesBuildPhase section */
		CEA6D6E6261F8D2700715333 /* Resources */ = {
			isa = PBXResourcesBuildPhase;
			buildActionMask = 2147483647;
			files = (
				CE4BD258264FF39D00689FD6 /* CertificateViewer.storyboard in Resources */,
				CE6D4A44264835F100A5D33D /* Localizable.strings in Resources */,
				CEA6D6F8261F8D2900715333 /* LaunchScreen.storyboard in Resources */,
				CE4BD255264FF39400689FD6 /* Settings.storyboard in Resources */,
				CE81533A263FF7EC0030D777 /* README.md in Resources */,
				D20F9D472727EBD70046E55E /* context.jsonc in Resources */,
				DA01661E26554992005B73A1 /* OpenSourceNotices.json in Resources */,
				CEA6D6F5261F8D2900715333 /* Assets.xcassets in Resources */,
				CEA6D6F3261F8D2700715333 /* Main.storyboard in Resources */,
				DA017DE626552259006E4D49 /* Licenses.storyboard in Resources */,
			);
			runOnlyForDeploymentPostprocessing = 0;
		};
		CEA6D6FC261F8D2900715333 /* Resources */ = {
			isa = PBXResourcesBuildPhase;
			buildActionMask = 2147483647;
			files = (
				D20F9D482727EBD70046E55E /* context.jsonc in Resources */,
			);
			runOnlyForDeploymentPostprocessing = 0;
		};
		CEA6D707261F8D2900715333 /* Resources */ = {
			isa = PBXResourcesBuildPhase;
			buildActionMask = 2147483647;
			files = (
				D20F9D492727EBD80046E55E /* context.jsonc in Resources */,
			);
			runOnlyForDeploymentPostprocessing = 0;
		};
/* End PBXResourcesBuildPhase section */

/* Begin PBXShellScriptBuildPhase section */
		CE17E3342645A0C100029D95 /* ShellScript */ = {
			isa = PBXShellScriptBuildPhase;
			buildActionMask = 2147483647;
			files = (
			);
			inputFileListPaths = (
			);
			inputPaths = (
			);
			outputFileListPaths = (
			);
			outputPaths = (
			);
			runOnlyForDeploymentPostprocessing = 0;
			shellPath = /bin/sh;
			shellScript = "# Type a script or drag a script file from your workspace to insert its path.\n#if which swiftlint >/dev/null; then\n#  swiftlint\n#else\n#  echo \"warning: SwiftLint not installed, download from https://github.com/realm/SwiftLint\"\n#fi\n";
		};
/* End PBXShellScriptBuildPhase section */

/* Begin PBXSourcesBuildPhase section */
		CEA6D6E4261F8D2700715333 /* Sources */ = {
			isa = PBXSourcesBuildPhase;
			buildActionMask = 2147483647;
			files = (
				CEE9DA5D263C865200A31532 /* Brightness.swift in Sources */,
				5C50CF362697315B0015EE29 /* ValidityCellModel.swift in Sources */,
				5C50CF3A26973D9D0015EE29 /* UserDefaults+.swift in Sources */,
				CE13CF0A262DCDDA0070C80E /* CertificateViewer.swift in Sources */,
				CEDABD40263C5FF4007A9B97 /* CertTable.swift in Sources */,
				CE37B643263867D700DEE13D /* SecureBackground.swift in Sources */,
				CE13CF0F262DD0D80070C80E /* FullFloatingPanelLayout.swift in Sources */,
				5C00072A26D3A77D002E5013 /* ImageDataStorage.swift in Sources */,
				5CE07C7D2692E1CD00A032F9 /* ValueSetsDataStorage.swift in Sources */,
				5C556D4926F9F8AC007E2C2E /* CertificatesListVC.swift in Sources */,
				FEC54BE6271F27180048B6BC /* AccessTokenService.swift in Sources */,
				5C00073226D3AEDE002E5013 /* PdfDataStorage.swift in Sources */,
				CEA1556B262F784E0024B7AC /* SelfSizedTableView.swift in Sources */,
				5C00071926CFAED2002E5013 /* UIImage+.swift in Sources */,
				FEBE53B62721A3EA003B61FB /* LimitationCell.swift in Sources */,
				CE8096D9263B07BB00A65AD6 /* UIColor.swift in Sources */,
				CEDABD49263C70EF007A9B97 /* CertPages.swift in Sources */,
				CE4BD254264FF28900689FD6 /* Settings.swift in Sources */,
				CE1D1EF6263597A2004C8919 /* LocalData.swift in Sources */,
				5CE07C842692E21E00A032F9 /* CertLogicEngineManager.swift in Sources */,
				CED2726026398683003D47A9 /* UIFont.swift in Sources */,
				FEC54BE927201D660048B6BC /* ValidationResultViewController.swift in Sources */,
				CEE9DA55263C7D4000A31532 /* CertCode.swift in Sources */,
				CE56BC07264068110044FD3F /* GatewayConnection.swift in Sources */,
				FEAEA96526FBB13600B94FFF /* AccessTokenResponse.swift in Sources */,
				CE13CF23262DDF810070C80E /* RoundedButton.swift in Sources */,
				5C556D5126F9F8C6007E2C2E /* ServersListVC.swift in Sources */,
				5C50CF2726972BCA0015EE29 /* CellWithTitleAndDescriptionTVC.swift in Sources */,
				DA01662026554E02005B73A1 /* LicenseCell.swift in Sources */,
				CEA6D6EC261F8D2700715333 /* AppDelegate.swift in Sources */,
				DA01661C265541C0005B73A1 /* LicenseList.swift in Sources */,
				5C00073626D625D0002E5013 /* PDFTableViewCell.swift in Sources */,
				CE891305263581D900CB92AF /* Home.swift in Sources */,
				5C00071C26D38CC3002E5013 /* NFCHelper.swift in Sources */,
				CEA15563262F6DAB0024B7AC /* CertViewerDelegate.swift in Sources */,
				CE260F56263DD1720083A200 /* WalletCell.swift in Sources */,
				D23EF7A7272057F40097D82B /* ServerTVC.swift in Sources */,
				CEA15570262F79DE0024B7AC /* InfoCell.swift in Sources */,
				FEC54BE4271F26990048B6BC /* IdentityService.swift in Sources */,
				D24C8951272353610090398A /* ScanWalletController.swift in Sources */,
				5CE07C7A2692E1CD00A032F9 /* CountryDataStorage.swift in Sources */,
				CED949CA263B50CE00883558 /* List.swift in Sources */,
				5C50CF11269700710015EE29 /* RuleValidationResultVC.swift in Sources */,
				DA01662226558B2F005B73A1 /* LicenseVC.swift in Sources */,
				5C00072E26D3AC11002E5013 /* SavedPDF.swift in Sources */,
				5C556D4426F9DAF7007E2C2E /* TicketCodeAcceptViewController.swift in Sources */,
				5C50CF1B2697023B0015EE29 /* RuleErrorTVC.swift in Sources */,
				5C50CF09269700550015EE29 /* CheckValidityVC.swift in Sources */,
				5C50CF3E26983E090015EE29 /* UITableView+.swift in Sources */,
				CEA6D6EE261F8D2700715333 /* SceneDelegate.swift in Sources */,
				5C00073A26D625DE002E5013 /* ImageTableViewCell.swift in Sources */,
				5C50CF22269704240015EE29 /* UIViewController+.swift in Sources */,
				D23EF7A6272057F40097D82B /* CertificateTVC.swift in Sources */,
				5CE07C802692E1CD00A032F9 /* RulesDataStorage.swift in Sources */,
				5C00074726D641E2002E5013 /* PDFViewerVC.swift in Sources */,
				5C00073F26D641CC002E5013 /* ImageViewerVC.swift in Sources */,
				5C00072226D3A40E002E5013 /* SavedImage.swift in Sources */,
				5C00072626D3A6CD002E5013 /* String+.swift in Sources */,
				5C50CF2F26972BFD0015EE29 /* CellWithDateAndCountryTVC.swift in Sources */,
			);
			runOnlyForDeploymentPostprocessing = 0;
		};
		CEA6D6FA261F8D2900715333 /* Sources */ = {
			isa = PBXSourcesBuildPhase;
			buildActionMask = 2147483647;
			files = (
				5C00074826D641E2002E5013 /* PDFViewerVC.swift in Sources */,
				5C50CF2826972BCA0015EE29 /* CellWithTitleAndDescriptionTVC.swift in Sources */,
				5C00071D26D38CC3002E5013 /* NFCHelper.swift in Sources */,
				5C00072F26D3AC11002E5013 /* SavedPDF.swift in Sources */,
				5C50CF0A269700550015EE29 /* CheckValidityVC.swift in Sources */,
				5C556D4526F9DAF7007E2C2E /* TicketCodeAcceptViewController.swift in Sources */,
				5C50CF3B26973D9D0015EE29 /* UserDefaults+.swift in Sources */,
				5C50CF3F26983E090015EE29 /* UITableView+.swift in Sources */,
				5C00073B26D625DE002E5013 /* ImageTableViewCell.swift in Sources */,
				5C00073326D3AEDE002E5013 /* PdfDataStorage.swift in Sources */,
				5C50CF1C2697023B0015EE29 /* RuleErrorTVC.swift in Sources */,
				5CE07C7E2692E1CD00A032F9 /* ValueSetsDataStorage.swift in Sources */,
				5C00072B26D3A77D002E5013 /* ImageDataStorage.swift in Sources */,
				5C556D5226F9F8C6007E2C2E /* ServersListVC.swift in Sources */,
				5C00072326D3A40E002E5013 /* SavedImage.swift in Sources */,
				5C50CF12269700710015EE29 /* RuleValidationResultVC.swift in Sources */,
				CEA6D703261F8D2900715333 /* DGCAWalletTests.swift in Sources */,
				5C00072726D3A6CD002E5013 /* String+.swift in Sources */,
				5C00073726D625D0002E5013 /* PDFTableViewCell.swift in Sources */,
				5C50CF23269704240015EE29 /* UIViewController+.swift in Sources */,
				5CE07C852692E21E00A032F9 /* CertLogicEngineManager.swift in Sources */,
				5C50CF372697315B0015EE29 /* ValidityCellModel.swift in Sources */,
				5C50CF3026972BFD0015EE29 /* CellWithDateAndCountryTVC.swift in Sources */,
				5C00074026D641CC002E5013 /* ImageViewerVC.swift in Sources */,
				5C556D4A26F9F8AC007E2C2E /* CertificatesListVC.swift in Sources */,
				5CE07C812692E1CD00A032F9 /* RulesDataStorage.swift in Sources */,
				CEFAD87F262714C4009AFEF9 /* EHNTests.swift in Sources */,
				5CE07C7B2692E1CD00A032F9 /* CountryDataStorage.swift in Sources */,
			);
			runOnlyForDeploymentPostprocessing = 0;
		};
		CEA6D705261F8D2900715333 /* Sources */ = {
			isa = PBXSourcesBuildPhase;
			buildActionMask = 2147483647;
			files = (
				5C00073826D625D0002E5013 /* PDFTableViewCell.swift in Sources */,
				5CE07C7C2692E1CD00A032F9 /* CountryDataStorage.swift in Sources */,
				5C00072426D3A40E002E5013 /* SavedImage.swift in Sources */,
				5C00073C26D625DE002E5013 /* ImageTableViewCell.swift in Sources */,
				5C00073026D3AC11002E5013 /* SavedPDF.swift in Sources */,
				5C50CF382697315B0015EE29 /* ValidityCellModel.swift in Sources */,
				5C00073426D3AEDE002E5013 /* PdfDataStorage.swift in Sources */,
				5C50CF3C26973D9D0015EE29 /* UserDefaults+.swift in Sources */,
				5C50CF4026983E090015EE29 /* UITableView+.swift in Sources */,
				5C556D4626F9DAF7007E2C2E /* TicketCodeAcceptViewController.swift in Sources */,
				5C556D4B26F9F8AC007E2C2E /* CertificatesListVC.swift in Sources */,
				5C00074926D641E2002E5013 /* PDFViewerVC.swift in Sources */,
				CEA6D70E261F8D2900715333 /* DGCAWalletUITests.swift in Sources */,
				5CE07C7F2692E1CD00A032F9 /* ValueSetsDataStorage.swift in Sources */,
				5C50CF3126972BFD0015EE29 /* CellWithDateAndCountryTVC.swift in Sources */,
				5C50CF0B269700550015EE29 /* CheckValidityVC.swift in Sources */,
				5C556D5326F9F8C6007E2C2E /* ServersListVC.swift in Sources */,
				5C50CF1D2697023B0015EE29 /* RuleErrorTVC.swift in Sources */,
				5CE07C862692E21E00A032F9 /* CertLogicEngineManager.swift in Sources */,
				5C00071E26D38CC3002E5013 /* NFCHelper.swift in Sources */,
				5C50CF13269700710015EE29 /* RuleValidationResultVC.swift in Sources */,
				5C50CF24269704240015EE29 /* UIViewController+.swift in Sources */,
				5C00072826D3A6CD002E5013 /* String+.swift in Sources */,
				5CE07C822692E1CD00A032F9 /* RulesDataStorage.swift in Sources */,
				5C00074126D641CC002E5013 /* ImageViewerVC.swift in Sources */,
				5C50CF2926972BCA0015EE29 /* CellWithTitleAndDescriptionTVC.swift in Sources */,
				5C00072C26D3A77D002E5013 /* ImageDataStorage.swift in Sources */,
			);
			runOnlyForDeploymentPostprocessing = 0;
		};
/* End PBXSourcesBuildPhase section */

/* Begin PBXTargetDependency section */
		CEA6D700261F8D2900715333 /* PBXTargetDependency */ = {
			isa = PBXTargetDependency;
			target = CEA6D6E7261F8D2700715333 /* DGCAWallet */;
			targetProxy = CEA6D6FF261F8D2900715333 /* PBXContainerItemProxy */;
		};
		CEA6D70B261F8D2900715333 /* PBXTargetDependency */ = {
			isa = PBXTargetDependency;
			target = CEA6D6E7261F8D2700715333 /* DGCAWallet */;
			targetProxy = CEA6D70A261F8D2900715333 /* PBXContainerItemProxy */;
		};
/* End PBXTargetDependency section */

/* Begin PBXVariantGroup section */
		CE4BD257264FF39400689FD6 /* Settings.storyboard */ = {
			isa = PBXVariantGroup;
			children = (
				CE4BD256264FF39400689FD6 /* Base */,
			);
			name = Settings.storyboard;
			sourceTree = "<group>";
		};
		CE4BD25A264FF39D00689FD6 /* CertificateViewer.storyboard */ = {
			isa = PBXVariantGroup;
			children = (
				CE4BD259264FF39D00689FD6 /* Base */,
			);
			name = CertificateViewer.storyboard;
			sourceTree = "<group>";
		};
		CE6D4A46264835F100A5D33D /* Localizable.strings */ = {
			isa = PBXVariantGroup;
			children = (
				CE6D4A45264835F100A5D33D /* en */,
			);
			name = Localizable.strings;
			sourceTree = "<group>";
		};
		CEA6D6F1261F8D2700715333 /* Main.storyboard */ = {
			isa = PBXVariantGroup;
			children = (
				CEA6D6F2261F8D2700715333 /* Base */,
			);
			name = Main.storyboard;
			sourceTree = "<group>";
		};
		CEA6D6F6261F8D2900715333 /* LaunchScreen.storyboard */ = {
			isa = PBXVariantGroup;
			children = (
				CEA6D6F7261F8D2900715333 /* Base */,
			);
			name = LaunchScreen.storyboard;
			sourceTree = "<group>";
		};
/* End PBXVariantGroup section */

/* Begin XCBuildConfiguration section */
		CEA6D710261F8D2900715333 /* Debug */ = {
			isa = XCBuildConfiguration;
			buildSettings = {
				ALWAYS_SEARCH_USER_PATHS = NO;
				CLANG_ANALYZER_NONNULL = YES;
				CLANG_ANALYZER_NUMBER_OBJECT_CONVERSION = YES_AGGRESSIVE;
				CLANG_CXX_LANGUAGE_STANDARD = "gnu++14";
				CLANG_CXX_LIBRARY = "libc++";
				CLANG_ENABLE_MODULES = YES;
				CLANG_ENABLE_OBJC_ARC = YES;
				CLANG_ENABLE_OBJC_WEAK = YES;
				CLANG_WARN_BLOCK_CAPTURE_AUTORELEASING = YES;
				CLANG_WARN_BOOL_CONVERSION = YES;
				CLANG_WARN_COMMA = YES;
				CLANG_WARN_CONSTANT_CONVERSION = YES;
				CLANG_WARN_DEPRECATED_OBJC_IMPLEMENTATIONS = YES;
				CLANG_WARN_DIRECT_OBJC_ISA_USAGE = YES_ERROR;
				CLANG_WARN_DOCUMENTATION_COMMENTS = YES;
				CLANG_WARN_EMPTY_BODY = YES;
				CLANG_WARN_ENUM_CONVERSION = YES;
				CLANG_WARN_INFINITE_RECURSION = YES;
				CLANG_WARN_INT_CONVERSION = YES;
				CLANG_WARN_NON_LITERAL_NULL_CONVERSION = YES;
				CLANG_WARN_OBJC_IMPLICIT_RETAIN_SELF = YES;
				CLANG_WARN_OBJC_LITERAL_CONVERSION = YES;
				CLANG_WARN_OBJC_ROOT_CLASS = YES_ERROR;
				CLANG_WARN_QUOTED_INCLUDE_IN_FRAMEWORK_HEADER = YES;
				CLANG_WARN_RANGE_LOOP_ANALYSIS = YES;
				CLANG_WARN_STRICT_PROTOTYPES = YES;
				CLANG_WARN_SUSPICIOUS_MOVE = YES;
				CLANG_WARN_UNGUARDED_AVAILABILITY = YES_AGGRESSIVE;
				CLANG_WARN_UNREACHABLE_CODE = YES;
				CLANG_WARN__DUPLICATE_METHOD_MATCH = YES;
				COPY_PHASE_STRIP = NO;
				DEBUG_INFORMATION_FORMAT = dwarf;
				ENABLE_STRICT_OBJC_MSGSEND = YES;
				ENABLE_TESTABILITY = YES;
				GCC_C_LANGUAGE_STANDARD = gnu11;
				GCC_DYNAMIC_NO_PIC = NO;
				GCC_NO_COMMON_BLOCKS = YES;
				GCC_OPTIMIZATION_LEVEL = 0;
				GCC_PREPROCESSOR_DEFINITIONS = (
					"DEBUG=1",
					"$(inherited)",
				);
				GCC_WARN_64_TO_32_BIT_CONVERSION = YES;
				GCC_WARN_ABOUT_RETURN_TYPE = YES_ERROR;
				GCC_WARN_UNDECLARED_SELECTOR = YES;
				GCC_WARN_UNINITIALIZED_AUTOS = YES_AGGRESSIVE;
				GCC_WARN_UNUSED_FUNCTION = YES;
				GCC_WARN_UNUSED_VARIABLE = YES;
				IPHONEOS_DEPLOYMENT_TARGET = 12.1;
				MTL_ENABLE_DEBUG_INFO = INCLUDE_SOURCE;
				MTL_FAST_MATH = YES;
				ONLY_ACTIVE_ARCH = YES;
				SDKROOT = iphoneos;
				SWIFT_ACTIVE_COMPILATION_CONDITIONS = DEBUG;
				SWIFT_OPTIMIZATION_LEVEL = "-Onone";
			};
			name = Debug;
		};
		CEA6D711261F8D2900715333 /* Release */ = {
			isa = XCBuildConfiguration;
			buildSettings = {
				ALWAYS_SEARCH_USER_PATHS = NO;
				CLANG_ANALYZER_NONNULL = YES;
				CLANG_ANALYZER_NUMBER_OBJECT_CONVERSION = YES_AGGRESSIVE;
				CLANG_CXX_LANGUAGE_STANDARD = "gnu++14";
				CLANG_CXX_LIBRARY = "libc++";
				CLANG_ENABLE_MODULES = YES;
				CLANG_ENABLE_OBJC_ARC = YES;
				CLANG_ENABLE_OBJC_WEAK = YES;
				CLANG_WARN_BLOCK_CAPTURE_AUTORELEASING = YES;
				CLANG_WARN_BOOL_CONVERSION = YES;
				CLANG_WARN_COMMA = YES;
				CLANG_WARN_CONSTANT_CONVERSION = YES;
				CLANG_WARN_DEPRECATED_OBJC_IMPLEMENTATIONS = YES;
				CLANG_WARN_DIRECT_OBJC_ISA_USAGE = YES_ERROR;
				CLANG_WARN_DOCUMENTATION_COMMENTS = YES;
				CLANG_WARN_EMPTY_BODY = YES;
				CLANG_WARN_ENUM_CONVERSION = YES;
				CLANG_WARN_INFINITE_RECURSION = YES;
				CLANG_WARN_INT_CONVERSION = YES;
				CLANG_WARN_NON_LITERAL_NULL_CONVERSION = YES;
				CLANG_WARN_OBJC_IMPLICIT_RETAIN_SELF = YES;
				CLANG_WARN_OBJC_LITERAL_CONVERSION = YES;
				CLANG_WARN_OBJC_ROOT_CLASS = YES_ERROR;
				CLANG_WARN_QUOTED_INCLUDE_IN_FRAMEWORK_HEADER = YES;
				CLANG_WARN_RANGE_LOOP_ANALYSIS = YES;
				CLANG_WARN_STRICT_PROTOTYPES = YES;
				CLANG_WARN_SUSPICIOUS_MOVE = YES;
				CLANG_WARN_UNGUARDED_AVAILABILITY = YES_AGGRESSIVE;
				CLANG_WARN_UNREACHABLE_CODE = YES;
				CLANG_WARN__DUPLICATE_METHOD_MATCH = YES;
				COPY_PHASE_STRIP = NO;
				DEBUG_INFORMATION_FORMAT = "dwarf-with-dsym";
				ENABLE_NS_ASSERTIONS = NO;
				ENABLE_STRICT_OBJC_MSGSEND = YES;
				GCC_C_LANGUAGE_STANDARD = gnu11;
				GCC_NO_COMMON_BLOCKS = YES;
				GCC_WARN_64_TO_32_BIT_CONVERSION = YES;
				GCC_WARN_ABOUT_RETURN_TYPE = YES_ERROR;
				GCC_WARN_UNDECLARED_SELECTOR = YES;
				GCC_WARN_UNINITIALIZED_AUTOS = YES_AGGRESSIVE;
				GCC_WARN_UNUSED_FUNCTION = YES;
				GCC_WARN_UNUSED_VARIABLE = YES;
				IPHONEOS_DEPLOYMENT_TARGET = 12.1;
				MTL_ENABLE_DEBUG_INFO = NO;
				MTL_FAST_MATH = YES;
				SDKROOT = iphoneos;
				SWIFT_COMPILATION_MODE = wholemodule;
				SWIFT_OPTIMIZATION_LEVEL = "-O";
				VALIDATE_PRODUCT = YES;
			};
			name = Release;
		};
		CEA6D713261F8D2900715333 /* Debug */ = {
			isa = XCBuildConfiguration;
			buildSettings = {
				ASSETCATALOG_COMPILER_APPICON_NAME = AppIcon;
				ASSETCATALOG_COMPILER_GLOBAL_ACCENT_COLOR_NAME = AccentColor;
				CODE_SIGN_ENTITLEMENTS = DGCAWallet/DGCAWallet.entitlements;
				CODE_SIGN_IDENTITY = "iPhone Distribution";
				CODE_SIGN_STYLE = Manual;
				CURRENT_PROJECT_VERSION = 7;
				DEVELOPMENT_TEAM = 9FH6TNGWF2;
				INFOPLIST_FILE = DGCAWallet/SupportingFiles/Info.plist;
				IPHONEOS_DEPLOYMENT_TARGET = 13.1;
				LD_RUNPATH_SEARCH_PATHS = (
					"$(inherited)",
					"@executable_path/Frameworks",
				);
				MARKETING_VERSION = 1.2.3;
				PRODUCT_BUNDLE_IDENTIFIER = "com.t-systems.pu-ds.dgca.wallet.dev";
				PRODUCT_NAME = "$(TARGET_NAME)";
				PROVISIONING_PROFILE_SPECIFIER = "Digital Green Certificate Wallet";
				SWIFT_VERSION = 5.0;
				TARGETED_DEVICE_FAMILY = 1;
			};
			name = Debug;
		};
		CEA6D714261F8D2900715333 /* Release */ = {
			isa = XCBuildConfiguration;
			buildSettings = {
				ASSETCATALOG_COMPILER_APPICON_NAME = AppIcon;
				ASSETCATALOG_COMPILER_GLOBAL_ACCENT_COLOR_NAME = AccentColor;
				CODE_SIGN_ENTITLEMENTS = DGCAWallet/DGCAWallet.entitlements;
				CODE_SIGN_IDENTITY = "iPhone Distribution";
				CODE_SIGN_STYLE = Manual;
				CURRENT_PROJECT_VERSION = 7;
				DEVELOPMENT_TEAM = 9FH6TNGWF2;
				INFOPLIST_FILE = DGCAWallet/SupportingFiles/Info.plist;
				IPHONEOS_DEPLOYMENT_TARGET = 13.1;
				LD_RUNPATH_SEARCH_PATHS = (
					"$(inherited)",
					"@executable_path/Frameworks",
				);
				MARKETING_VERSION = 1.2.3;
				PRODUCT_BUNDLE_IDENTIFIER = "com.t-systems.pu-ds.dgca.wallet.dev";
				PRODUCT_NAME = "$(TARGET_NAME)";
				PROVISIONING_PROFILE_SPECIFIER = "Digital Green Certificate Wallet";
				SWIFT_VERSION = 5.0;
				TARGETED_DEVICE_FAMILY = 1;
			};
			name = Release;
		};
		CEA6D716261F8D2900715333 /* Debug */ = {
			isa = XCBuildConfiguration;
			buildSettings = {
				ALWAYS_EMBED_SWIFT_STANDARD_LIBRARIES = YES;
				BUNDLE_LOADER = "$(TEST_HOST)";
				CODE_SIGN_STYLE = Automatic;
				DEVELOPMENT_TEAM = KH99XNF745;
				INFOPLIST_FILE = DGCAWallet/SupportingFiles/Info.plist;
				IPHONEOS_DEPLOYMENT_TARGET = 14.4;
				LD_RUNPATH_SEARCH_PATHS = (
					"$(inherited)",
					"@executable_path/Frameworks",
					"@loader_path/Frameworks",
				);
				PRODUCT_BUNDLE_IDENTIFIER = "com.t-systems.DGCAWalletTests.dev";
				PRODUCT_NAME = "$(TARGET_NAME)";
				SWIFT_VERSION = 5.0;
				TARGETED_DEVICE_FAMILY = "1,2";
				TEST_HOST = "$(BUILT_PRODUCTS_DIR)/DGCAWallet.app/DGCAWallet";
			};
			name = Debug;
		};
		CEA6D717261F8D2900715333 /* Release */ = {
			isa = XCBuildConfiguration;
			buildSettings = {
				ALWAYS_EMBED_SWIFT_STANDARD_LIBRARIES = YES;
				BUNDLE_LOADER = "$(TEST_HOST)";
				CODE_SIGN_STYLE = Automatic;
				DEVELOPMENT_TEAM = KH99XNF745;
				INFOPLIST_FILE = DGCAWallet/SupportingFiles/Info.plist;
				IPHONEOS_DEPLOYMENT_TARGET = 14.4;
				LD_RUNPATH_SEARCH_PATHS = (
					"$(inherited)",
					"@executable_path/Frameworks",
					"@loader_path/Frameworks",
				);
				PRODUCT_BUNDLE_IDENTIFIER = "com.t-systems.DGCAWalletTests.dev";
				PRODUCT_NAME = "$(TARGET_NAME)";
				SWIFT_VERSION = 5.0;
				TARGETED_DEVICE_FAMILY = "1,2";
				TEST_HOST = "$(BUILT_PRODUCTS_DIR)/DGCAWallet.app/DGCAWallet";
			};
			name = Release;
		};
		CEA6D719261F8D2900715333 /* Debug */ = {
			isa = XCBuildConfiguration;
			buildSettings = {
				ALWAYS_EMBED_SWIFT_STANDARD_LIBRARIES = YES;
				CODE_SIGN_STYLE = Automatic;
				DEVELOPMENT_TEAM = KH99XNF745;
				INFOPLIST_FILE = DGCAWalletUITests/Info.plist;
				LD_RUNPATH_SEARCH_PATHS = (
					"$(inherited)",
					"@executable_path/Frameworks",
					"@loader_path/Frameworks",
				);
				PRODUCT_BUNDLE_IDENTIFIER = "com.t-systems.DGCAWalletUITests.dev";
				PRODUCT_NAME = "$(TARGET_NAME)";
				SWIFT_VERSION = 5.0;
				TARGETED_DEVICE_FAMILY = "1,2";
				TEST_TARGET_NAME = DGCAWallet;
			};
			name = Debug;
		};
		CEA6D71A261F8D2900715333 /* Release */ = {
			isa = XCBuildConfiguration;
			buildSettings = {
				ALWAYS_EMBED_SWIFT_STANDARD_LIBRARIES = YES;
				CODE_SIGN_STYLE = Automatic;
				DEVELOPMENT_TEAM = KH99XNF745;
				INFOPLIST_FILE = DGCAWalletUITests/Info.plist;
				LD_RUNPATH_SEARCH_PATHS = (
					"$(inherited)",
					"@executable_path/Frameworks",
					"@loader_path/Frameworks",
				);
				PRODUCT_BUNDLE_IDENTIFIER = "com.t-systems.DGCAWalletUITests.dev";
				PRODUCT_NAME = "$(TARGET_NAME)";
				SWIFT_VERSION = 5.0;
				TARGETED_DEVICE_FAMILY = "1,2";
				TEST_TARGET_NAME = DGCAWallet;
			};
			name = Release;
		};
/* End XCBuildConfiguration section */

/* Begin XCConfigurationList section */
		CEA6D6E3261F8D2700715333 /* Build configuration list for PBXProject "DGCAWallet" */ = {
			isa = XCConfigurationList;
			buildConfigurations = (
				CEA6D710261F8D2900715333 /* Debug */,
				CEA6D711261F8D2900715333 /* Release */,
			);
			defaultConfigurationIsVisible = 0;
			defaultConfigurationName = Release;
		};
		CEA6D712261F8D2900715333 /* Build configuration list for PBXNativeTarget "DGCAWallet" */ = {
			isa = XCConfigurationList;
			buildConfigurations = (
				CEA6D713261F8D2900715333 /* Debug */,
				CEA6D714261F8D2900715333 /* Release */,
			);
			defaultConfigurationIsVisible = 0;
			defaultConfigurationName = Release;
		};
		CEA6D715261F8D2900715333 /* Build configuration list for PBXNativeTarget "DGCAWalletTests" */ = {
			isa = XCConfigurationList;
			buildConfigurations = (
				CEA6D716261F8D2900715333 /* Debug */,
				CEA6D717261F8D2900715333 /* Release */,
			);
			defaultConfigurationIsVisible = 0;
			defaultConfigurationName = Release;
		};
		CEA6D718261F8D2900715333 /* Build configuration list for PBXNativeTarget "DGCAWalletUITests" */ = {
			isa = XCConfigurationList;
			buildConfigurations = (
				CEA6D719261F8D2900715333 /* Debug */,
				CEA6D71A261F8D2900715333 /* Release */,
			);
			defaultConfigurationIsVisible = 0;
			defaultConfigurationName = Release;
		};
/* End XCConfigurationList section */

/* Begin XCRemoteSwiftPackageReference section */
		5CE07C742692E0D900A032F9 /* XCRemoteSwiftPackageReference "dgc-certlogic-ios" */ = {
			isa = XCRemoteSwiftPackageReference;
			repositoryURL = "https://github.com/eu-digital-green-certificates/dgc-certlogic-ios.git";
			requirement = {
				branch = main;
				kind = branch;
			};
		};
		CE13CEFE262DCC180070C80E /* XCRemoteSwiftPackageReference "FloatingPanel" */ = {
			isa = XCRemoteSwiftPackageReference;
			repositoryURL = "https://github.com/SCENEE/FloatingPanel";
			requirement = {
				kind = upToNextMajorVersion;
				minimumVersion = 2.3.0;
			};
		};
		CE1F155A2639F9E700736D48 /* XCRemoteSwiftPackageReference "SwiftyJSON" */ = {
			isa = XCRemoteSwiftPackageReference;
			repositoryURL = "https://github.com/SwiftyJSON/SwiftyJSON";
			requirement = {
				kind = upToNextMajorVersion;
				minimumVersion = 5.0.1;
			};
		};
		CE6B330C2651A54800845B8E /* XCRemoteSwiftPackageReference "dgca-app-core-ios" */ = {
			isa = XCRemoteSwiftPackageReference;
			repositoryURL = "https://github.com/eu-digital-green-certificates/dgca-app-core-ios";
			requirement = {
				branch = feature/ticketing;
				kind = branch;
			};
		};
		CE8912F92634C6B900CB92AF /* XCRemoteSwiftPackageReference "Alamofire" */ = {
			isa = XCRemoteSwiftPackageReference;
			repositoryURL = "https://github.com/Alamofire/Alamofire";
			requirement = {
				kind = upToNextMajorVersion;
				minimumVersion = 5.4.3;
			};
		};
		FE1D1A6927148CBE00765A9A /* XCRemoteSwiftPackageReference "CryptoSwift" */ = {
			isa = XCRemoteSwiftPackageReference;
			repositoryURL = "https://github.com/krzyzanowskim/CryptoSwift";
			requirement = {
				kind = upToNextMajorVersion;
				minimumVersion = 1.0.0;
			};
		};
		FE6E78862702033200C142A3 /* XCRemoteSwiftPackageReference "JWTDecode.swift" */ = {
			isa = XCRemoteSwiftPackageReference;
			repositoryURL = "https://github.com/auth0/JWTDecode.swift.git";
			requirement = {
				kind = upToNextMajorVersion;
				minimumVersion = 2.0.0;
			};
		};
/* End XCRemoteSwiftPackageReference section */

/* Begin XCSwiftPackageProductDependency section */
		5CE07C752692E0D900A032F9 /* CertLogic */ = {
			isa = XCSwiftPackageProductDependency;
			package = 5CE07C742692E0D900A032F9 /* XCRemoteSwiftPackageReference "dgc-certlogic-ios" */;
			productName = CertLogic;
		};
		CE13CEFF262DCC180070C80E /* FloatingPanel */ = {
			isa = XCSwiftPackageProductDependency;
			package = CE13CEFE262DCC180070C80E /* XCRemoteSwiftPackageReference "FloatingPanel" */;
			productName = FloatingPanel;
		};
		CE1F155B2639F9E700736D48 /* SwiftyJSON */ = {
			isa = XCSwiftPackageProductDependency;
			package = CE1F155A2639F9E700736D48 /* XCRemoteSwiftPackageReference "SwiftyJSON" */;
			productName = SwiftyJSON;
		};
		CE6B330D2651A54800845B8E /* SwiftDGC */ = {
			isa = XCSwiftPackageProductDependency;
			package = CE6B330C2651A54800845B8E /* XCRemoteSwiftPackageReference "dgca-app-core-ios" */;
			productName = SwiftDGC;
		};
		CE8912FA2634C6B900CB92AF /* Alamofire */ = {
			isa = XCSwiftPackageProductDependency;
			package = CE8912F92634C6B900CB92AF /* XCRemoteSwiftPackageReference "Alamofire" */;
			productName = Alamofire;
		};
		FE1D1A6A27148CBE00765A9A /* CryptoSwift */ = {
			isa = XCSwiftPackageProductDependency;
			package = FE1D1A6927148CBE00765A9A /* XCRemoteSwiftPackageReference "CryptoSwift" */;
			productName = CryptoSwift;
		};
		FE6E78872702033300C142A3 /* JWTDecode */ = {
			isa = XCSwiftPackageProductDependency;
			package = FE6E78862702033200C142A3 /* XCRemoteSwiftPackageReference "JWTDecode.swift" */;
			productName = JWTDecode;
		};
/* End XCSwiftPackageProductDependency section */
	};
	rootObject = CEA6D6E0261F8D2700715333 /* Project object */;
}
