// !$*UTF8*$!
{
	archiveVersion = 1;
	classes = {
	};
	objectVersion = 52;
	objects = {

/* Begin PBXBuildFile section */
		5C00071C26D38CC3002E5013 /* NFCHelper.swift in Sources */ = {isa = PBXBuildFile; fileRef = 5C00071B26D38CC3002E5013 /* NFCHelper.swift */; };
		5C00071D26D38CC3002E5013 /* NFCHelper.swift in Sources */ = {isa = PBXBuildFile; fileRef = 5C00071B26D38CC3002E5013 /* NFCHelper.swift */; };
		5C00071E26D38CC3002E5013 /* NFCHelper.swift in Sources */ = {isa = PBXBuildFile; fileRef = 5C00071B26D38CC3002E5013 /* NFCHelper.swift */; };
		5C00073626D625D0002E5013 /* PDFTableViewCell.swift in Sources */ = {isa = PBXBuildFile; fileRef = 5C00073526D625D0002E5013 /* PDFTableViewCell.swift */; };
		5C00073726D625D0002E5013 /* PDFTableViewCell.swift in Sources */ = {isa = PBXBuildFile; fileRef = 5C00073526D625D0002E5013 /* PDFTableViewCell.swift */; };
		5C00073826D625D0002E5013 /* PDFTableViewCell.swift in Sources */ = {isa = PBXBuildFile; fileRef = 5C00073526D625D0002E5013 /* PDFTableViewCell.swift */; };
		5C00073A26D625DE002E5013 /* ImageTableViewCell.swift in Sources */ = {isa = PBXBuildFile; fileRef = 5C00073926D625DE002E5013 /* ImageTableViewCell.swift */; };
		5C00073B26D625DE002E5013 /* ImageTableViewCell.swift in Sources */ = {isa = PBXBuildFile; fileRef = 5C00073926D625DE002E5013 /* ImageTableViewCell.swift */; };
		5C00073C26D625DE002E5013 /* ImageTableViewCell.swift in Sources */ = {isa = PBXBuildFile; fileRef = 5C00073926D625DE002E5013 /* ImageTableViewCell.swift */; };
		5C00073F26D641CC002E5013 /* ImageViewerController.swift in Sources */ = {isa = PBXBuildFile; fileRef = 5C00073D26D641CC002E5013 /* ImageViewerController.swift */; };
		5C00074726D641E2002E5013 /* PDFViewerController.swift in Sources */ = {isa = PBXBuildFile; fileRef = 5C00074526D641E2002E5013 /* PDFViewerController.swift */; };
		5C50CF09269700550015EE29 /* CheckValidityController.swift in Sources */ = {isa = PBXBuildFile; fileRef = 5C50CF07269700540015EE29 /* CheckValidityController.swift */; };
		5C50CF0A269700550015EE29 /* CheckValidityController.swift in Sources */ = {isa = PBXBuildFile; fileRef = 5C50CF07269700540015EE29 /* CheckValidityController.swift */; };
		5C50CF0B269700550015EE29 /* CheckValidityController.swift in Sources */ = {isa = PBXBuildFile; fileRef = 5C50CF07269700540015EE29 /* CheckValidityController.swift */; };
		5C50CF11269700710015EE29 /* RuleValidationResultVC.swift in Sources */ = {isa = PBXBuildFile; fileRef = 5C50CF0F269700710015EE29 /* RuleValidationResultVC.swift */; };
		5C50CF12269700710015EE29 /* RuleValidationResultVC.swift in Sources */ = {isa = PBXBuildFile; fileRef = 5C50CF0F269700710015EE29 /* RuleValidationResultVC.swift */; };
		5C50CF13269700710015EE29 /* RuleValidationResultVC.swift in Sources */ = {isa = PBXBuildFile; fileRef = 5C50CF0F269700710015EE29 /* RuleValidationResultVC.swift */; };
		5C50CF1B2697023B0015EE29 /* RuleErrorCell.swift in Sources */ = {isa = PBXBuildFile; fileRef = 5C50CF192697023B0015EE29 /* RuleErrorCell.swift */; };
		5C50CF1C2697023B0015EE29 /* RuleErrorCell.swift in Sources */ = {isa = PBXBuildFile; fileRef = 5C50CF192697023B0015EE29 /* RuleErrorCell.swift */; };
		5C50CF1D2697023B0015EE29 /* RuleErrorCell.swift in Sources */ = {isa = PBXBuildFile; fileRef = 5C50CF192697023B0015EE29 /* RuleErrorCell.swift */; };
		5C50CF22269704240015EE29 /* UIViewController+.swift in Sources */ = {isa = PBXBuildFile; fileRef = 5C50CF21269704240015EE29 /* UIViewController+.swift */; };
		5C50CF23269704240015EE29 /* UIViewController+.swift in Sources */ = {isa = PBXBuildFile; fileRef = 5C50CF21269704240015EE29 /* UIViewController+.swift */; };
		5C50CF24269704240015EE29 /* UIViewController+.swift in Sources */ = {isa = PBXBuildFile; fileRef = 5C50CF21269704240015EE29 /* UIViewController+.swift */; };
		5C50CF2726972BCA0015EE29 /* SimpleValidityCell.swift in Sources */ = {isa = PBXBuildFile; fileRef = 5C50CF2526972BCA0015EE29 /* SimpleValidityCell.swift */; };
		5C50CF2826972BCA0015EE29 /* SimpleValidityCell.swift in Sources */ = {isa = PBXBuildFile; fileRef = 5C50CF2526972BCA0015EE29 /* SimpleValidityCell.swift */; };
		5C50CF2926972BCA0015EE29 /* SimpleValidityCell.swift in Sources */ = {isa = PBXBuildFile; fileRef = 5C50CF2526972BCA0015EE29 /* SimpleValidityCell.swift */; };
		5C50CF3026972BFD0015EE29 /* ExtendedValidityCell.swift in Sources */ = {isa = PBXBuildFile; fileRef = 5C50CF2D26972BFD0015EE29 /* ExtendedValidityCell.swift */; };
		5C50CF3126972BFD0015EE29 /* ExtendedValidityCell.swift in Sources */ = {isa = PBXBuildFile; fileRef = 5C50CF2D26972BFD0015EE29 /* ExtendedValidityCell.swift */; };
		5C50CF3B26973D9D0015EE29 /* UserDefaults+.swift in Sources */ = {isa = PBXBuildFile; fileRef = 5C50CF3926973D9D0015EE29 /* UserDefaults+.swift */; };
		5C50CF3C26973D9D0015EE29 /* UserDefaults+.swift in Sources */ = {isa = PBXBuildFile; fileRef = 5C50CF3926973D9D0015EE29 /* UserDefaults+.swift */; };
		5C50CF3E26983E090015EE29 /* UITableView+.swift in Sources */ = {isa = PBXBuildFile; fileRef = 5C50CF3D26983E090015EE29 /* UITableView+.swift */; };
		5C50CF3F26983E090015EE29 /* UITableView+.swift in Sources */ = {isa = PBXBuildFile; fileRef = 5C50CF3D26983E090015EE29 /* UITableView+.swift */; };
		5C50CF4026983E090015EE29 /* UITableView+.swift in Sources */ = {isa = PBXBuildFile; fileRef = 5C50CF3D26983E090015EE29 /* UITableView+.swift */; };
		5C556D4426F9DAF7007E2C2E /* TicketingAcceptanceController.swift in Sources */ = {isa = PBXBuildFile; fileRef = 5C556D4026F9DAF7007E2C2E /* TicketingAcceptanceController.swift */; };
		5C556D4526F9DAF7007E2C2E /* TicketingAcceptanceController.swift in Sources */ = {isa = PBXBuildFile; fileRef = 5C556D4026F9DAF7007E2C2E /* TicketingAcceptanceController.swift */; };
		5C556D4626F9DAF7007E2C2E /* TicketingAcceptanceController.swift in Sources */ = {isa = PBXBuildFile; fileRef = 5C556D4026F9DAF7007E2C2E /* TicketingAcceptanceController.swift */; };
		5C556D4926F9F8AC007E2C2E /* CertificateListController.swift in Sources */ = {isa = PBXBuildFile; fileRef = 5C556D4726F9F8AC007E2C2E /* CertificateListController.swift */; };
		5C556D4A26F9F8AC007E2C2E /* CertificateListController.swift in Sources */ = {isa = PBXBuildFile; fileRef = 5C556D4726F9F8AC007E2C2E /* CertificateListController.swift */; };
		5C556D4B26F9F8AC007E2C2E /* CertificateListController.swift in Sources */ = {isa = PBXBuildFile; fileRef = 5C556D4726F9F8AC007E2C2E /* CertificateListController.swift */; };
		5C556D5126F9F8C6007E2C2E /* ServerListController.swift in Sources */ = {isa = PBXBuildFile; fileRef = 5C556D4F26F9F8C6007E2C2E /* ServerListController.swift */; };
		5C556D5226F9F8C6007E2C2E /* ServerListController.swift in Sources */ = {isa = PBXBuildFile; fileRef = 5C556D4F26F9F8C6007E2C2E /* ServerListController.swift */; };
		5C556D5326F9F8C6007E2C2E /* ServerListController.swift in Sources */ = {isa = PBXBuildFile; fileRef = 5C556D4F26F9F8C6007E2C2E /* ServerListController.swift */; };
		CA669CF1280AE87F0017E563 /* DataCompression in Frameworks */ = {isa = PBXBuildFile; productRef = CA669CF0280AE87F0017E563 /* DataCompression */; };
		CABCB8E828073E3B00814185 /* CardPageController.swift in Sources */ = {isa = PBXBuildFile; fileRef = CABCB8E728073E3B00814185 /* CardPageController.swift */; };
		CABCB8EA28073E4C00814185 /* CardPayloadController.swift in Sources */ = {isa = PBXBuildFile; fileRef = CABCB8E928073E4C00814185 /* CardPayloadController.swift */; };
		CABCB8EC28073EBA00814185 /* CardController.swift in Sources */ = {isa = PBXBuildFile; fileRef = CABCB8EB28073EBA00814185 /* CardController.swift */; };
		CE13CF0A262DCDDA0070C80E /* DCCCertificateViewerController.swift in Sources */ = {isa = PBXBuildFile; fileRef = CE13CF09262DCDDA0070C80E /* DCCCertificateViewerController.swift */; };
		CE13CF23262DDF810070C80E /* RoundedButton.swift in Sources */ = {isa = PBXBuildFile; fileRef = CE13CF22262DDF810070C80E /* RoundedButton.swift */; };
		CE37B643263867D700DEE13D /* SecureBackground.swift in Sources */ = {isa = PBXBuildFile; fileRef = CE37B642263867D700DEE13D /* SecureBackground.swift */; };
		CE4BD254264FF28900689FD6 /* SettingsTableController.swift in Sources */ = {isa = PBXBuildFile; fileRef = CE4BD253264FF28900689FD6 /* SettingsTableController.swift */; };
		CE4BD255264FF39400689FD6 /* Settings.storyboard in Resources */ = {isa = PBXBuildFile; fileRef = CE4BD257264FF39400689FD6 /* Settings.storyboard */; };
		CE4BD258264FF39D00689FD6 /* DCCCertificateViewer.storyboard in Resources */ = {isa = PBXBuildFile; fileRef = CE4BD25A264FF39D00689FD6 /* DCCCertificateViewer.storyboard */; };
		CE6D4A44264835F100A5D33D /* Localizable.strings in Resources */ = {isa = PBXBuildFile; fileRef = CE6D4A46264835F100A5D33D /* Localizable.strings */; };
		CE81533A263FF7EC0030D777 /* README.md in Resources */ = {isa = PBXBuildFile; fileRef = CE815339263FF7EC0030D777 /* README.md */; };
		CE891305263581D900CB92AF /* HomeController.swift in Sources */ = {isa = PBXBuildFile; fileRef = CE891304263581D900CB92AF /* HomeController.swift */; };
		CEA15570262F79DE0024B7AC /* InfoCell.swift in Sources */ = {isa = PBXBuildFile; fileRef = CEA1556F262F79DE0024B7AC /* InfoCell.swift */; };
		CEA6D6EC261F8D2700715333 /* AppDelegate.swift in Sources */ = {isa = PBXBuildFile; fileRef = CEA6D6EB261F8D2700715333 /* AppDelegate.swift */; };
		CEA6D6EE261F8D2700715333 /* SceneDelegate.swift in Sources */ = {isa = PBXBuildFile; fileRef = CEA6D6ED261F8D2700715333 /* SceneDelegate.swift */; };
		CEA6D6F3261F8D2700715333 /* Main.storyboard in Resources */ = {isa = PBXBuildFile; fileRef = CEA6D6F1261F8D2700715333 /* Main.storyboard */; };
		CEA6D6F5261F8D2900715333 /* Assets.xcassets in Resources */ = {isa = PBXBuildFile; fileRef = CEA6D6F4261F8D2900715333 /* Assets.xcassets */; };
		CEA6D6F8261F8D2900715333 /* LaunchScreen.storyboard in Resources */ = {isa = PBXBuildFile; fileRef = CEA6D6F6261F8D2900715333 /* LaunchScreen.storyboard */; };
		CEA6D703261F8D2900715333 /* DGCAWalletTests.swift in Sources */ = {isa = PBXBuildFile; fileRef = CEA6D702261F8D2900715333 /* DGCAWalletTests.swift */; };
		CEA6D70E261F8D2900715333 /* DGCAWalletUITests.swift in Sources */ = {isa = PBXBuildFile; fileRef = CEA6D70D261F8D2900715333 /* DGCAWalletUITests.swift */; };
		CED2726026398683003D47A9 /* UIFont.swift in Sources */ = {isa = PBXBuildFile; fileRef = CED2725F26398683003D47A9 /* UIFont.swift */; };
		CED949CA263B50CE00883558 /* MainListController.swift in Sources */ = {isa = PBXBuildFile; fileRef = CED949C9263B50CE00883558 /* MainListController.swift */; };
		CEDABD40263C5FF4007A9B97 /* DCCCertificateController.swift in Sources */ = {isa = PBXBuildFile; fileRef = CEDABD3F263C5FF4007A9B97 /* DCCCertificateController.swift */; };
		CEDABD49263C70EF007A9B97 /* CertPagesController.swift in Sources */ = {isa = PBXBuildFile; fileRef = CEDABD48263C70EF007A9B97 /* CertPagesController.swift */; };
		CEE9DA55263C7D4000A31532 /* DCCCertCodeController.swift in Sources */ = {isa = PBXBuildFile; fileRef = CEE9DA54263C7D4000A31532 /* DCCCertCodeController.swift */; };
		CEE9DA5D263C865200A31532 /* Brightness.swift in Sources */ = {isa = PBXBuildFile; fileRef = CEE9DA5C263C865200A31532 /* Brightness.swift */; };
		CEFAD87F262714C4009AFEF9 /* EHNTests.swift in Sources */ = {isa = PBXBuildFile; fileRef = CEFAD87E262714C4009AFEF9 /* EHNTests.swift */; };
		D2387C6B274BD5EA00C55DF7 /* InfoPlist.strings in Resources */ = {isa = PBXBuildFile; fileRef = D2387C6D274BD5EA00C55DF7 /* InfoPlist.strings */; };
		D23EF7A6272057F40097D82B /* CertificateCell.swift in Sources */ = {isa = PBXBuildFile; fileRef = D23EF7A4272057F40097D82B /* CertificateCell.swift */; };
		D23EF7A7272057F40097D82B /* ServerCell.swift in Sources */ = {isa = PBXBuildFile; fileRef = D23EF7A5272057F40097D82B /* ServerCell.swift */; };
		D24C8951272353610090398A /* ScanWalletController.swift in Sources */ = {isa = PBXBuildFile; fileRef = D24C8950272353610090398A /* ScanWalletController.swift */; };
		D277554C27FF1D12005FEE00 /* RoundedButton.swift in Sources */ = {isa = PBXBuildFile; fileRef = CE13CF22262DDF810070C80E /* RoundedButton.swift */; };
		D277554D27FF1D12005FEE00 /* RoundedButton.swift in Sources */ = {isa = PBXBuildFile; fileRef = CE13CF22262DDF810070C80E /* RoundedButton.swift */; };
		D277554F27FF49AD005FEE00 /* WalletCell.swift in Sources */ = {isa = PBXBuildFile; fileRef = D277554E27FF49AD005FEE00 /* WalletCell.swift */; };
		D277555028001AE3005FEE00 /* ExtendedValidityCell.swift in Sources */ = {isa = PBXBuildFile; fileRef = 5C50CF2D26972BFD0015EE29 /* ExtendedValidityCell.swift */; };
		D2B4550327F48C6C00D8A296 /* DGCVerificationCenter in Frameworks */ = {isa = PBXBuildFile; productRef = D2B4550227F48C6C00D8A296 /* DGCVerificationCenter */; };
		D2B605BD2743CA92000D914A /* ValidationResultController.swift in Sources */ = {isa = PBXBuildFile; fileRef = FEC54BE727201D660048B6BC /* ValidationResultController.swift */; };
		D2B605BE2743CA92000D914A /* ValidationResultController.swift in Sources */ = {isa = PBXBuildFile; fileRef = FEC54BE727201D660048B6BC /* ValidationResultController.swift */; };
		D2BBDEC02798B25E0043A8A7 /* context.jsonc in Resources */ = {isa = PBXBuildFile; fileRef = 5CFEDB1A269DBB4C00074F66 /* context.jsonc */; };
		D2BBDEC12798B25E0043A8A7 /* context.jsonc in Resources */ = {isa = PBXBuildFile; fileRef = 5CFEDB1A269DBB4C00074F66 /* context.jsonc */; };
		D2BBDEC22798B25F0043A8A7 /* context.jsonc in Resources */ = {isa = PBXBuildFile; fileRef = 5CFEDB1A269DBB4C00074F66 /* context.jsonc */; };
		D2D8F2C627F5ECAD00508610 /* AppManager.swift in Sources */ = {isa = PBXBuildFile; fileRef = D2D8F2C527F5ECAD00508610 /* AppManager.swift */; };
		D2D8F2C727F5ED3500508610 /* AppManager.swift in Sources */ = {isa = PBXBuildFile; fileRef = D2D8F2C527F5ECAD00508610 /* AppManager.swift */; };
		D2D8F2C827F5ED3500508610 /* AppManager.swift in Sources */ = {isa = PBXBuildFile; fileRef = D2D8F2C527F5ECAD00508610 /* AppManager.swift */; };
		D2D8F2C927F5ED3900508610 /* HomeController.swift in Sources */ = {isa = PBXBuildFile; fileRef = CE891304263581D900CB92AF /* HomeController.swift */; };
		D2D8F2CA27F5ED3A00508610 /* HomeController.swift in Sources */ = {isa = PBXBuildFile; fileRef = CE891304263581D900CB92AF /* HomeController.swift */; };
		D2D8F2CB27F5ED3C00508610 /* MainListController.swift in Sources */ = {isa = PBXBuildFile; fileRef = CED949C9263B50CE00883558 /* MainListController.swift */; };
		D2D8F2CC27F5ED3D00508610 /* MainListController.swift in Sources */ = {isa = PBXBuildFile; fileRef = CED949C9263B50CE00883558 /* MainListController.swift */; };
		D2D8F2CD27F5ED3F00508610 /* ScanWalletController.swift in Sources */ = {isa = PBXBuildFile; fileRef = D24C8950272353610090398A /* ScanWalletController.swift */; };
		D2D8F2CE27F5ED4000508610 /* ScanWalletController.swift in Sources */ = {isa = PBXBuildFile; fileRef = D24C8950272353610090398A /* ScanWalletController.swift */; };
		D2DFDB3E27C50E5900BA15B9 /* SquareViewFinder.swift in Sources */ = {isa = PBXBuildFile; fileRef = D2DFDB3D27C50E5900BA15B9 /* SquareViewFinder.swift */; };
		D2DFDB3F27C50E5900BA15B9 /* SquareViewFinder.swift in Sources */ = {isa = PBXBuildFile; fileRef = D2DFDB3D27C50E5900BA15B9 /* SquareViewFinder.swift */; };
		D2DFDB4027C50E5900BA15B9 /* SquareViewFinder.swift in Sources */ = {isa = PBXBuildFile; fileRef = D2DFDB3D27C50E5900BA15B9 /* SquareViewFinder.swift */; };
		DA01661C265541C0005B73A1 /* LicenseTableController.swift in Sources */ = {isa = PBXBuildFile; fileRef = DA01661B265541C0005B73A1 /* LicenseTableController.swift */; };
		DA01661E26554992005B73A1 /* OpenSourceNotices.json in Resources */ = {isa = PBXBuildFile; fileRef = DA01661D26554992005B73A1 /* OpenSourceNotices.json */; };
		DA01662026554E02005B73A1 /* LicenseCell.swift in Sources */ = {isa = PBXBuildFile; fileRef = DA01661F26554E02005B73A1 /* LicenseCell.swift */; };
		DA01662226558B2F005B73A1 /* LicenseController.swift in Sources */ = {isa = PBXBuildFile; fileRef = DA01662126558B2F005B73A1 /* LicenseController.swift */; };
		DA9767752800510400D3607E /* SmartHealthCardContainerController.swift in Sources */ = {isa = PBXBuildFile; fileRef = DA9767742800510400D3607E /* SmartHealthCardContainerController.swift */; };
		DA9767772800529900D3607E /* SmartHealth.storyboard in Resources */ = {isa = PBXBuildFile; fileRef = DA9767762800529900D3607E /* SmartHealth.storyboard */; };
		DA976779280060A800D3607E /* SHPayloadInterpreter.swift in Sources */ = {isa = PBXBuildFile; fileRef = DA976778280060A800D3607E /* SHPayloadInterpreter.swift */; };
		DA97677C2800726A00D3607E /* SwiftPath in Frameworks */ = {isa = PBXBuildFile; productRef = DA97677B2800726A00D3607E /* SwiftPath */; };
		DA991A5928044E7000AAC13E /* DGCSHInspection in Frameworks */ = {isa = PBXBuildFile; productRef = DA991A5828044E7000AAC13E /* DGCSHInspection */; };
		FEBE53B62721A3EA003B61FB /* LimitationCell.swift in Sources */ = {isa = PBXBuildFile; fileRef = FEBE53B42721A3EA003B61FB /* LimitationCell.swift */; };
		FEC54BE927201D660048B6BC /* ValidationResultController.swift in Sources */ = {isa = PBXBuildFile; fileRef = FEC54BE727201D660048B6BC /* ValidationResultController.swift */; };
		FEEAD6DB273BBE9600D883EB /* TokenInfoCell.swift in Sources */ = {isa = PBXBuildFile; fileRef = FEEAD6DA273BBE9600D883EB /* TokenInfoCell.swift */; };
/* End PBXBuildFile section */

/* Begin PBXContainerItemProxy section */
		CEA6D6FF261F8D2900715333 /* PBXContainerItemProxy */ = {
			isa = PBXContainerItemProxy;
			containerPortal = CEA6D6E0261F8D2700715333 /* Project object */;
			proxyType = 1;
			remoteGlobalIDString = CEA6D6E7261F8D2700715333;
			remoteInfo = DGCAWallet;
		};
		CEA6D70A261F8D2900715333 /* PBXContainerItemProxy */ = {
			isa = PBXContainerItemProxy;
			containerPortal = CEA6D6E0261F8D2700715333 /* Project object */;
			proxyType = 1;
			remoteGlobalIDString = CEA6D6E7261F8D2700715333;
			remoteInfo = DGCAWallet;
		};
/* End PBXContainerItemProxy section */

/* Begin PBXFileReference section */
		5C00071B26D38CC3002E5013 /* NFCHelper.swift */ = {isa = PBXFileReference; lastKnownFileType = sourcecode.swift; path = NFCHelper.swift; sourceTree = "<group>"; };
		5C00071F26D38D58002E5013 /* DGCAWallet.entitlements */ = {isa = PBXFileReference; fileEncoding = 4; lastKnownFileType = text.plist.entitlements; path = DGCAWallet.entitlements; sourceTree = SOURCE_ROOT; };
		5C00072026D38D6D002E5013 /* DGCAWallet.entitlements */ = {isa = PBXFileReference; lastKnownFileType = text.plist.entitlements; path = DGCAWallet.entitlements; sourceTree = "<group>"; };
		5C00073526D625D0002E5013 /* PDFTableViewCell.swift */ = {isa = PBXFileReference; indentWidth = 4; lastKnownFileType = sourcecode.swift; path = PDFTableViewCell.swift; sourceTree = "<group>"; tabWidth = 4; };
		5C00073926D625DE002E5013 /* ImageTableViewCell.swift */ = {isa = PBXFileReference; indentWidth = 4; lastKnownFileType = sourcecode.swift; path = ImageTableViewCell.swift; sourceTree = "<group>"; tabWidth = 4; };
		5C00073D26D641CC002E5013 /* ImageViewerController.swift */ = {isa = PBXFileReference; indentWidth = 4; lastKnownFileType = sourcecode.swift; path = ImageViewerController.swift; sourceTree = "<group>"; tabWidth = 4; };
		5C00074526D641E2002E5013 /* PDFViewerController.swift */ = {isa = PBXFileReference; indentWidth = 4; lastKnownFileType = sourcecode.swift; path = PDFViewerController.swift; sourceTree = "<group>"; tabWidth = 4; };
		5C50CF07269700540015EE29 /* CheckValidityController.swift */ = {isa = PBXFileReference; indentWidth = 2; lastKnownFileType = sourcecode.swift; path = CheckValidityController.swift; sourceTree = "<group>"; tabWidth = 2; };
		5C50CF0F269700710015EE29 /* RuleValidationResultVC.swift */ = {isa = PBXFileReference; indentWidth = 2; lastKnownFileType = sourcecode.swift; path = RuleValidationResultVC.swift; sourceTree = "<group>"; tabWidth = 2; };
		5C50CF192697023B0015EE29 /* RuleErrorCell.swift */ = {isa = PBXFileReference; fileEncoding = 4; lastKnownFileType = sourcecode.swift; path = RuleErrorCell.swift; sourceTree = "<group>"; };
		5C50CF21269704240015EE29 /* UIViewController+.swift */ = {isa = PBXFileReference; lastKnownFileType = sourcecode.swift; path = "UIViewController+.swift"; sourceTree = "<group>"; };
		5C50CF2526972BCA0015EE29 /* SimpleValidityCell.swift */ = {isa = PBXFileReference; lastKnownFileType = sourcecode.swift; path = SimpleValidityCell.swift; sourceTree = "<group>"; };
		5C50CF2D26972BFD0015EE29 /* ExtendedValidityCell.swift */ = {isa = PBXFileReference; lastKnownFileType = sourcecode.swift; path = ExtendedValidityCell.swift; sourceTree = "<group>"; };
		5C50CF3926973D9D0015EE29 /* UserDefaults+.swift */ = {isa = PBXFileReference; lastKnownFileType = sourcecode.swift; path = "UserDefaults+.swift"; sourceTree = "<group>"; };
		5C50CF3D26983E090015EE29 /* UITableView+.swift */ = {isa = PBXFileReference; lastKnownFileType = sourcecode.swift; path = "UITableView+.swift"; sourceTree = "<group>"; };
		5C556D4026F9DAF7007E2C2E /* TicketingAcceptanceController.swift */ = {isa = PBXFileReference; fileEncoding = 4; indentWidth = 2; lastKnownFileType = sourcecode.swift; path = TicketingAcceptanceController.swift; sourceTree = "<group>"; tabWidth = 2; };
		5C556D4726F9F8AC007E2C2E /* CertificateListController.swift */ = {isa = PBXFileReference; indentWidth = 2; lastKnownFileType = sourcecode.swift; path = CertificateListController.swift; sourceTree = "<group>"; tabWidth = 2; };
		5C556D4F26F9F8C6007E2C2E /* ServerListController.swift */ = {isa = PBXFileReference; indentWidth = 2; lastKnownFileType = sourcecode.swift; path = ServerListController.swift; sourceTree = "<group>"; tabWidth = 2; };
		5CFEDB18269DBB4C00074F66 /* context.jsonc */ = {isa = PBXFileReference; fileEncoding = 4; lastKnownFileType = text; path = context.jsonc; sourceTree = "<group>"; };
		5CFEDB1A269DBB4C00074F66 /* context.jsonc */ = {isa = PBXFileReference; fileEncoding = 4; lastKnownFileType = text; path = context.jsonc; sourceTree = "<group>"; };
		CABCB8E728073E3B00814185 /* CardPageController.swift */ = {isa = PBXFileReference; lastKnownFileType = sourcecode.swift; path = CardPageController.swift; sourceTree = "<group>"; };
		CABCB8E928073E4C00814185 /* CardPayloadController.swift */ = {isa = PBXFileReference; lastKnownFileType = sourcecode.swift; path = CardPayloadController.swift; sourceTree = "<group>"; };
		CABCB8EB28073EBA00814185 /* CardController.swift */ = {isa = PBXFileReference; lastKnownFileType = sourcecode.swift; path = CardController.swift; sourceTree = "<group>"; };
		CE13CF09262DCDDA0070C80E /* DCCCertificateViewerController.swift */ = {isa = PBXFileReference; indentWidth = 4; lastKnownFileType = sourcecode.swift; path = DCCCertificateViewerController.swift; sourceTree = "<group>"; tabWidth = 4; };
		CE13CF22262DDF810070C80E /* RoundedButton.swift */ = {isa = PBXFileReference; lastKnownFileType = sourcecode.swift; path = RoundedButton.swift; sourceTree = "<group>"; };
		CE37B642263867D700DEE13D /* SecureBackground.swift */ = {isa = PBXFileReference; lastKnownFileType = sourcecode.swift; path = SecureBackground.swift; sourceTree = "<group>"; };
		CE4BD253264FF28900689FD6 /* SettingsTableController.swift */ = {isa = PBXFileReference; fileEncoding = 4; indentWidth = 4; lastKnownFileType = sourcecode.swift; path = SettingsTableController.swift; sourceTree = "<group>"; tabWidth = 4; };
		CE4BD256264FF39400689FD6 /* Base */ = {isa = PBXFileReference; lastKnownFileType = file.storyboard; name = Base; path = Base.lproj/Settings.storyboard; sourceTree = "<group>"; };
		CE4BD259264FF39D00689FD6 /* Base */ = {isa = PBXFileReference; lastKnownFileType = file.storyboard; name = Base; path = Base.lproj/DCCCertificateViewer.storyboard; sourceTree = "<group>"; };
		CE6D4A45264835F100A5D33D /* en */ = {isa = PBXFileReference; lastKnownFileType = text.plist.strings; name = en; path = en.lproj/Localizable.strings; sourceTree = "<group>"; };
		CE815339263FF7EC0030D777 /* README.md */ = {isa = PBXFileReference; fileEncoding = 4; lastKnownFileType = net.daringfireball.markdown; path = README.md; sourceTree = SOURCE_ROOT; };
		CE891304263581D900CB92AF /* HomeController.swift */ = {isa = PBXFileReference; indentWidth = 4; lastKnownFileType = sourcecode.swift; path = HomeController.swift; sourceTree = "<group>"; tabWidth = 4; };
		CEA1556F262F79DE0024B7AC /* InfoCell.swift */ = {isa = PBXFileReference; lastKnownFileType = sourcecode.swift; path = InfoCell.swift; sourceTree = "<group>"; };
		CEA6D6E8261F8D2700715333 /* DGCAWallet.app */ = {isa = PBXFileReference; explicitFileType = wrapper.application; includeInIndex = 0; path = DGCAWallet.app; sourceTree = BUILT_PRODUCTS_DIR; };
		CEA6D6EB261F8D2700715333 /* AppDelegate.swift */ = {isa = PBXFileReference; lastKnownFileType = sourcecode.swift; path = AppDelegate.swift; sourceTree = "<group>"; };
		CEA6D6ED261F8D2700715333 /* SceneDelegate.swift */ = {isa = PBXFileReference; lastKnownFileType = sourcecode.swift; path = SceneDelegate.swift; sourceTree = "<group>"; };
		CEA6D6F2261F8D2700715333 /* Base */ = {isa = PBXFileReference; lastKnownFileType = file.storyboard; name = Base; path = Base.lproj/Main.storyboard; sourceTree = "<group>"; };
		CEA6D6F4261F8D2900715333 /* Assets.xcassets */ = {isa = PBXFileReference; lastKnownFileType = folder.assetcatalog; path = Assets.xcassets; sourceTree = "<group>"; };
		CEA6D6F7261F8D2900715333 /* Base */ = {isa = PBXFileReference; lastKnownFileType = file.storyboard; name = Base; path = Base.lproj/LaunchScreen.storyboard; sourceTree = "<group>"; };
		CEA6D6F9261F8D2900715333 /* Info.plist */ = {isa = PBXFileReference; lastKnownFileType = text.plist.xml; path = Info.plist; sourceTree = "<group>"; };
		CEA6D6FE261F8D2900715333 /* DGCAWalletTests.xctest */ = {isa = PBXFileReference; explicitFileType = wrapper.cfbundle; includeInIndex = 0; path = DGCAWalletTests.xctest; sourceTree = BUILT_PRODUCTS_DIR; };
		CEA6D702261F8D2900715333 /* DGCAWalletTests.swift */ = {isa = PBXFileReference; lastKnownFileType = sourcecode.swift; path = DGCAWalletTests.swift; sourceTree = "<group>"; };
		CEA6D704261F8D2900715333 /* Info.plist */ = {isa = PBXFileReference; lastKnownFileType = text.plist.xml; path = Info.plist; sourceTree = "<group>"; };
		CEA6D709261F8D2900715333 /* DGCAWalletUITests.xctest */ = {isa = PBXFileReference; explicitFileType = wrapper.cfbundle; includeInIndex = 0; path = DGCAWalletUITests.xctest; sourceTree = BUILT_PRODUCTS_DIR; };
		CEA6D70D261F8D2900715333 /* DGCAWalletUITests.swift */ = {isa = PBXFileReference; lastKnownFileType = sourcecode.swift; path = DGCAWalletUITests.swift; sourceTree = "<group>"; };
		CEA6D70F261F8D2900715333 /* Info.plist */ = {isa = PBXFileReference; lastKnownFileType = text.plist.xml; path = Info.plist; sourceTree = "<group>"; };
		CED2725F26398683003D47A9 /* UIFont.swift */ = {isa = PBXFileReference; lastKnownFileType = sourcecode.swift; path = UIFont.swift; sourceTree = "<group>"; };
		CED949C9263B50CE00883558 /* MainListController.swift */ = {isa = PBXFileReference; indentWidth = 4; lastKnownFileType = sourcecode.swift; path = MainListController.swift; sourceTree = "<group>"; tabWidth = 4; };
		CEDABD3F263C5FF4007A9B97 /* DCCCertificateController.swift */ = {isa = PBXFileReference; indentWidth = 4; lastKnownFileType = sourcecode.swift; path = DCCCertificateController.swift; sourceTree = "<group>"; tabWidth = 4; };
		CEDABD48263C70EF007A9B97 /* CertPagesController.swift */ = {isa = PBXFileReference; lastKnownFileType = sourcecode.swift; path = CertPagesController.swift; sourceTree = "<group>"; };
		CEDCA79B2639E77800FCB83E /* Package.resolved */ = {isa = PBXFileReference; lastKnownFileType = text; name = Package.resolved; path = DGCAWallet.xcodeproj/project.xcworkspace/xcshareddata/swiftpm/Package.resolved; sourceTree = SOURCE_ROOT; };
		CEE9DA54263C7D4000A31532 /* DCCCertCodeController.swift */ = {isa = PBXFileReference; lastKnownFileType = sourcecode.swift; path = DCCCertCodeController.swift; sourceTree = "<group>"; };
		CEE9DA5C263C865200A31532 /* Brightness.swift */ = {isa = PBXFileReference; lastKnownFileType = sourcecode.swift; path = Brightness.swift; sourceTree = "<group>"; };
		CEFAD87E262714C4009AFEF9 /* EHNTests.swift */ = {isa = PBXFileReference; lastKnownFileType = sourcecode.swift; path = EHNTests.swift; sourceTree = "<group>"; };
		D2387C67274853BC00C55DF7 /* de */ = {isa = PBXFileReference; lastKnownFileType = text.plist.strings; name = de; path = de.lproj/Localizable.strings; sourceTree = "<group>"; };
		D2387C6C274BD5EA00C55DF7 /* en */ = {isa = PBXFileReference; lastKnownFileType = text.plist.strings; name = en; path = en.lproj/InfoPlist.strings; sourceTree = "<group>"; };
		D2387C6E274BD5EE00C55DF7 /* de */ = {isa = PBXFileReference; lastKnownFileType = text.plist.strings; name = de; path = de.lproj/InfoPlist.strings; sourceTree = "<group>"; };
		D2387C70274BD84E00C55DF7 /* en */ = {isa = PBXFileReference; lastKnownFileType = text.plist.strings; name = en; path = en.lproj/LaunchScreen.strings; sourceTree = "<group>"; };
		D2387C72274BD85200C55DF7 /* de */ = {isa = PBXFileReference; lastKnownFileType = text.plist.strings; name = de; path = de.lproj/LaunchScreen.strings; sourceTree = "<group>"; };
		D23EF7A4272057F40097D82B /* CertificateCell.swift */ = {isa = PBXFileReference; fileEncoding = 4; lastKnownFileType = sourcecode.swift; path = CertificateCell.swift; sourceTree = "<group>"; };
		D23EF7A5272057F40097D82B /* ServerCell.swift */ = {isa = PBXFileReference; fileEncoding = 4; lastKnownFileType = sourcecode.swift; path = ServerCell.swift; sourceTree = "<group>"; };
		D24C8950272353610090398A /* ScanWalletController.swift */ = {isa = PBXFileReference; fileEncoding = 4; indentWidth = 4; lastKnownFileType = sourcecode.swift; path = ScanWalletController.swift; sourceTree = "<group>"; tabWidth = 4; };
		D277554E27FF49AD005FEE00 /* WalletCell.swift */ = {isa = PBXFileReference; fileEncoding = 4; lastKnownFileType = sourcecode.swift; path = WalletCell.swift; sourceTree = "<group>"; };
		D2D8F2C527F5ECAD00508610 /* AppManager.swift */ = {isa = PBXFileReference; lastKnownFileType = sourcecode.swift; path = AppManager.swift; sourceTree = "<group>"; };
		D2DFDB3D27C50E5900BA15B9 /* SquareViewFinder.swift */ = {isa = PBXFileReference; fileEncoding = 4; lastKnownFileType = sourcecode.swift; path = SquareViewFinder.swift; sourceTree = "<group>"; };
		DA01661B265541C0005B73A1 /* LicenseTableController.swift */ = {isa = PBXFileReference; indentWidth = 4; lastKnownFileType = sourcecode.swift; path = LicenseTableController.swift; sourceTree = "<group>"; tabWidth = 4; };
		DA01661D26554992005B73A1 /* OpenSourceNotices.json */ = {isa = PBXFileReference; lastKnownFileType = text.json; path = OpenSourceNotices.json; sourceTree = "<group>"; };
		DA01661F26554E02005B73A1 /* LicenseCell.swift */ = {isa = PBXFileReference; lastKnownFileType = sourcecode.swift; path = LicenseCell.swift; sourceTree = "<group>"; };
		DA01662126558B2F005B73A1 /* LicenseController.swift */ = {isa = PBXFileReference; indentWidth = 2; lastKnownFileType = sourcecode.swift; path = LicenseController.swift; sourceTree = "<group>"; tabWidth = 2; };
		DA835707280425D00077402B /* dgca-verification-dcc-inspection */ = {isa = PBXFileReference; lastKnownFileType = wrapper; name = "dgca-verification-dcc-inspection"; path = "../../dgca-verification-dcc-inspection"; sourceTree = "<group>"; };
		DA835708280429C90077402B /* dgc-sh-inspection */ = {isa = PBXFileReference; lastKnownFileType = wrapper; name = "dgc-sh-inspection"; path = "../../dgc-sh-inspection"; sourceTree = "<group>"; };
		DA97677227FC795A00D3607E /* dgca-verification-core-library */ = {isa = PBXFileReference; lastKnownFileType = wrapper; name = "dgca-verification-core-library"; path = "../../dgca-verification-core-library"; sourceTree = "<group>"; };
		DA97677327FC7A6900D3607E /* dgca-verification-center */ = {isa = PBXFileReference; lastKnownFileType = wrapper; name = "dgca-verification-center"; path = "../../dgca-verification-center"; sourceTree = "<group>"; };
		DA9767742800510400D3607E /* SmartHealthCardContainerController.swift */ = {isa = PBXFileReference; lastKnownFileType = sourcecode.swift; path = SmartHealthCardContainerController.swift; sourceTree = "<group>"; };
		DA9767762800529900D3607E /* SmartHealth.storyboard */ = {isa = PBXFileReference; lastKnownFileType = file.storyboard; path = SmartHealth.storyboard; sourceTree = "<group>"; };
		DA976778280060A800D3607E /* SHPayloadInterpreter.swift */ = {isa = PBXFileReference; lastKnownFileType = sourcecode.swift; path = SHPayloadInterpreter.swift; sourceTree = "<group>"; };
		FEBE53B42721A3EA003B61FB /* LimitationCell.swift */ = {isa = PBXFileReference; lastKnownFileType = sourcecode.swift; path = LimitationCell.swift; sourceTree = "<group>"; };
		FEC54BE727201D660048B6BC /* ValidationResultController.swift */ = {isa = PBXFileReference; indentWidth = 2; lastKnownFileType = sourcecode.swift; path = ValidationResultController.swift; sourceTree = "<group>"; tabWidth = 2; };
		FEEAD6DA273BBE9600D883EB /* TokenInfoCell.swift */ = {isa = PBXFileReference; lastKnownFileType = sourcecode.swift; path = TokenInfoCell.swift; sourceTree = "<group>"; };
/* End PBXFileReference section */

/* Begin PBXFrameworksBuildPhase section */
		CEA6D6E5261F8D2700715333 /* Frameworks */ = {
			isa = PBXFrameworksBuildPhase;
			buildActionMask = 2147483647;
			files = (
				D2B4550327F48C6C00D8A296 /* DGCVerificationCenter in Frameworks */,
				DA97677C2800726A00D3607E /* SwiftPath in Frameworks */,
				DA991A5928044E7000AAC13E /* DGCSHInspection in Frameworks */,
				CA669CF1280AE87F0017E563 /* DataCompression in Frameworks */,
			);
			runOnlyForDeploymentPostprocessing = 0;
		};
		CEA6D6FB261F8D2900715333 /* Frameworks */ = {
			isa = PBXFrameworksBuildPhase;
			buildActionMask = 2147483647;
			files = (
			);
			runOnlyForDeploymentPostprocessing = 0;
		};
		CEA6D706261F8D2900715333 /* Frameworks */ = {
			isa = PBXFrameworksBuildPhase;
			buildActionMask = 2147483647;
			files = (
			);
			runOnlyForDeploymentPostprocessing = 0;
		};
/* End PBXFrameworksBuildPhase section */

/* Begin PBXGroup section */
		5C00071A26D38C5C002E5013 /* NFC */ = {
			isa = PBXGroup;
			children = (
				5C00071F26D38D58002E5013 /* DGCAWallet.entitlements */,
				5C00071B26D38CC3002E5013 /* NFCHelper.swift */,
			);
			path = NFC;
			sourceTree = "<group>";
		};
		5C50CF172697009E0015EE29 /* CheckValidityCells */ = {
			isa = PBXGroup;
			children = (
				5C50CF2526972BCA0015EE29 /* SimpleValidityCell.swift */,
				5C50CF2D26972BFD0015EE29 /* ExtendedValidityCell.swift */,
				D277554E27FF49AD005FEE00 /* WalletCell.swift */,
			);
			path = CheckValidityCells;
			sourceTree = "<group>";
		};
		5CFEDB16269DBB4C00074F66 /* Context */ = {
			isa = PBXGroup;
			children = (
				5CFEDB17269DBB4C00074F66 /* Test */,
				5CFEDB19269DBB4C00074F66 /* Release */,
			);
			path = Context;
			sourceTree = SOURCE_ROOT;
		};
		5CFEDB17269DBB4C00074F66 /* Test */ = {
			isa = PBXGroup;
			children = (
				5CFEDB18269DBB4C00074F66 /* context.jsonc */,
			);
			path = Test;
			sourceTree = "<group>";
		};
		5CFEDB19269DBB4C00074F66 /* Release */ = {
			isa = PBXGroup;
			children = (
				5CFEDB1A269DBB4C00074F66 /* context.jsonc */,
			);
			path = Release;
			sourceTree = "<group>";
		};
		CAD8EC2628073CEA0095CD52 /* SmartHealthCard */ = {
			isa = PBXGroup;
			children = (
				DA9767742800510400D3607E /* SmartHealthCardContainerController.swift */,
				CABCB8E728073E3B00814185 /* CardPageController.swift */,
				CABCB8E928073E4C00814185 /* CardPayloadController.swift */,
				CABCB8EB28073EBA00814185 /* CardController.swift */,
			);
			path = SmartHealthCard;
			sourceTree = "<group>";
		};
		CE13CF19262DDE200070C80E /* Storyboards */ = {
			isa = PBXGroup;
			children = (
				CEA6D6F6261F8D2900715333 /* LaunchScreen.storyboard */,
				CEA6D6F1261F8D2700715333 /* Main.storyboard */,
				CE4BD25A264FF39D00689FD6 /* DCCCertificateViewer.storyboard */,
				CE4BD257264FF39400689FD6 /* Settings.storyboard */,
				DA9767762800529900D3607E /* SmartHealth.storyboard */,
			);
			path = Storyboards;
			sourceTree = "<group>";
		};
		CE13CF1A262DDE330070C80E /* Services */ = {
			isa = PBXGroup;
			children = (
				CE37B642263867D700DEE13D /* SecureBackground.swift */,
				CEE9DA5C263C865200A31532 /* Brightness.swift */,
				DA976778280060A800D3607E /* SHPayloadInterpreter.swift */,
			);
			path = Services;
			sourceTree = "<group>";
		};
		CE13CF1B262DDE540070C80E /* Extensions */ = {
			isa = PBXGroup;
			children = (
				CED2725F26398683003D47A9 /* UIFont.swift */,
				5C50CF21269704240015EE29 /* UIViewController+.swift */,
				5C50CF3926973D9D0015EE29 /* UserDefaults+.swift */,
				5C50CF3D26983E090015EE29 /* UITableView+.swift */,
			);
			path = Extensions;
			sourceTree = "<group>";
		};
		CE13CF1C262DDE600070C80E /* ViewControllers */ = {
			isa = PBXGroup;
			children = (
				D24C8950272353610090398A /* ScanWalletController.swift */,
				CED949C9263B50CE00883558 /* MainListController.swift */,
				CE891304263581D900CB92AF /* HomeController.swift */,
				D2B605BA2743C97D000D914A /* CertificateViewer */,
				D2B605BB2743C9BB000D914A /* SettingsControllers */,
				D2B605BF2743CC25000D914A /* ValidityControllers */,
				D2B605BC2743CA18000D914A /* TicketingControllers */,
			);
			path = ViewControllers;
			sourceTree = "<group>";
		};
		CE13CF1D262DDE730070C80E /* Components */ = {
			isa = PBXGroup;
			children = (
				D23EF7A4272057F40097D82B /* CertificateCell.swift */,
				D23EF7A5272057F40097D82B /* ServerCell.swift */,
				5C50CF192697023B0015EE29 /* RuleErrorCell.swift */,
				D2DFDB3D27C50E5900BA15B9 /* SquareViewFinder.swift */,
				5C50CF172697009E0015EE29 /* CheckValidityCells */,
				CEA1556F262F79DE0024B7AC /* InfoCell.swift */,
				DA01661F26554E02005B73A1 /* LicenseCell.swift */,
				5C00073526D625D0002E5013 /* PDFTableViewCell.swift */,
				5C00073926D625DE002E5013 /* ImageTableViewCell.swift */,
				FEBE53B42721A3EA003B61FB /* LimitationCell.swift */,
				FEEAD6DA273BBE9600D883EB /* TokenInfoCell.swift */,
			);
			path = Components;
			sourceTree = "<group>";
		};
		CE13CF1E262DDE800070C80E /* SupportingFiles */ = {
			isa = PBXGroup;
			children = (
				5CFEDB16269DBB4C00074F66 /* Context */,
				CE815339263FF7EC0030D777 /* README.md */,
				CEDCA79B2639E77800FCB83E /* Package.resolved */,
				CEA6D6EB261F8D2700715333 /* AppDelegate.swift */,
				CEA6D6ED261F8D2700715333 /* SceneDelegate.swift */,
				CEA6D6F4261F8D2900715333 /* Assets.xcassets */,
				CEA6D6F9261F8D2900715333 /* Info.plist */,
				D2387C6D274BD5EA00C55DF7 /* InfoPlist.strings */,
				CE6D4A46264835F100A5D33D /* Localizable.strings */,
				DA01661D26554992005B73A1 /* OpenSourceNotices.json */,
			);
			path = SupportingFiles;
			sourceTree = "<group>";
		};
		CE56B5032639F48E00FB31B1 /* Frameworks */ = {
			isa = PBXGroup;
			children = (
			);
			name = Frameworks;
			sourceTree = "<group>";
		};
		CEA6D6DF261F8D2700715333 = {
			isa = PBXGroup;
			children = (
				CEA6D6EA261F8D2700715333 /* DGCAWallet */,
				CEA6D701261F8D2900715333 /* DGCAWalletTests */,
				CEA6D70C261F8D2900715333 /* DGCAWalletUITests */,
				CEA6D6E9261F8D2700715333 /* Products */,
				CE56B5032639F48E00FB31B1 /* Frameworks */,
			);
			sourceTree = "<group>";
		};
		CEA6D6E9261F8D2700715333 /* Products */ = {
			isa = PBXGroup;
			children = (
				CEA6D6E8261F8D2700715333 /* DGCAWallet.app */,
				CEA6D6FE261F8D2900715333 /* DGCAWalletTests.xctest */,
				CEA6D709261F8D2900715333 /* DGCAWalletUITests.xctest */,
			);
			name = Products;
			sourceTree = "<group>";
		};
		CEA6D6EA261F8D2700715333 /* DGCAWallet */ = {
			isa = PBXGroup;
			children = (
				DA97677227FC795A00D3607E /* dgca-verification-core-library */,
				5C00072026D38D6D002E5013 /* DGCAWallet.entitlements */,
				DA835707280425D00077402B /* dgca-verification-dcc-inspection */,
				DA835708280429C90077402B /* dgc-sh-inspection */,
				DA97677327FC7A6900D3607E /* dgca-verification-center */,
				CE13CF1E262DDE800070C80E /* SupportingFiles */,
				5C00071A26D38C5C002E5013 /* NFC */,
				D2D8F2C427F5EC2E00508610 /* Models */,
				CE13CF1D262DDE730070C80E /* Components */,
				CE13CF1C262DDE600070C80E /* ViewControllers */,
				CE13CF1B262DDE540070C80E /* Extensions */,
				CE13CF1A262DDE330070C80E /* Services */,
				CE13CF19262DDE200070C80E /* Storyboards */,
				D2DFDB1F27C4F40500BA15B9 /* Resources */,
			);
			path = DGCAWallet;
			sourceTree = "<group>";
		};
		CEA6D701261F8D2900715333 /* DGCAWalletTests */ = {
			isa = PBXGroup;
			children = (
				CEA6D702261F8D2900715333 /* DGCAWalletTests.swift */,
				CEA6D704261F8D2900715333 /* Info.plist */,
				CEFAD87E262714C4009AFEF9 /* EHNTests.swift */,
			);
			path = DGCAWalletTests;
			sourceTree = "<group>";
		};
		CEA6D70C261F8D2900715333 /* DGCAWalletUITests */ = {
			isa = PBXGroup;
			children = (
				CEA6D70D261F8D2900715333 /* DGCAWalletUITests.swift */,
				CEA6D70F261F8D2900715333 /* Info.plist */,
			);
			path = DGCAWalletUITests;
			sourceTree = "<group>";
		};
		D2247C1A27FEEF9E00A80A78 /* DCCCertificateteControllers */ = {
			isa = PBXGroup;
			children = (
				CEE9DA54263C7D4000A31532 /* DCCCertCodeController.swift */,
				CE13CF09262DCDDA0070C80E /* DCCCertificateViewerController.swift */,
				CEDABD3F263C5FF4007A9B97 /* DCCCertificateController.swift */,
			);
			path = DCCCertificateteControllers;
			sourceTree = "<group>";
		};
		D2B605BA2743C97D000D914A /* CertificateViewer */ = {
			isa = PBXGroup;
			children = (
				CAD8EC2628073CEA0095CD52 /* SmartHealthCard */,
				5C00074526D641E2002E5013 /* PDFViewerController.swift */,
				5C00073D26D641CC002E5013 /* ImageViewerController.swift */,
				CEDABD48263C70EF007A9B97 /* CertPagesController.swift */,
				D2247C1A27FEEF9E00A80A78 /* DCCCertificateteControllers */,
			);
			path = CertificateViewer;
			sourceTree = "<group>";
		};
		D2B605BB2743C9BB000D914A /* SettingsControllers */ = {
			isa = PBXGroup;
			children = (
				CE4BD253264FF28900689FD6 /* SettingsTableController.swift */,
				DA01661B265541C0005B73A1 /* LicenseTableController.swift */,
				DA01662126558B2F005B73A1 /* LicenseController.swift */,
			);
			path = SettingsControllers;
			sourceTree = "<group>";
		};
		D2B605BC2743CA18000D914A /* TicketingControllers */ = {
			isa = PBXGroup;
			children = (
				5C556D4726F9F8AC007E2C2E /* CertificateListController.swift */,
				5C556D4F26F9F8C6007E2C2E /* ServerListController.swift */,
				5C556D4026F9DAF7007E2C2E /* TicketingAcceptanceController.swift */,
				FEC54BE727201D660048B6BC /* ValidationResultController.swift */,
			);
			path = TicketingControllers;
			sourceTree = "<group>";
		};
		D2B605BF2743CC25000D914A /* ValidityControllers */ = {
			isa = PBXGroup;
			children = (
				5C50CF07269700540015EE29 /* CheckValidityController.swift */,
				5C50CF0F269700710015EE29 /* RuleValidationResultVC.swift */,
			);
			path = ValidityControllers;
			sourceTree = "<group>";
		};
		D2D8F2C427F5EC2E00508610 /* Models */ = {
			isa = PBXGroup;
			children = (
				D2D8F2C527F5ECAD00508610 /* AppManager.swift */,
				CE13CF22262DDF810070C80E /* RoundedButton.swift */,
			);
			path = Models;
			sourceTree = "<group>";
		};
		D2DFDB1F27C4F40500BA15B9 /* Resources */ = {
			isa = PBXGroup;
			children = (
			);
			path = Resources;
			sourceTree = "<group>";
		};
/* End PBXGroup section */

/* Begin PBXNativeTarget section */
		CEA6D6E7261F8D2700715333 /* DGCAWallet */ = {
			isa = PBXNativeTarget;
			buildConfigurationList = CEA6D712261F8D2900715333 /* Build configuration list for PBXNativeTarget "DGCAWallet" */;
			buildPhases = (
				CE17E3342645A0C100029D95 /* ShellScript */,
				CEA6D6E4261F8D2700715333 /* Sources */,
				CEA6D6E5261F8D2700715333 /* Frameworks */,
				CEA6D6E6261F8D2700715333 /* Resources */,
			);
			buildRules = (
			);
			dependencies = (
			);
			name = DGCAWallet;
			packageProductDependencies = (
				D2B4550227F48C6C00D8A296 /* DGCVerificationCenter */,
				DA97677B2800726A00D3607E /* SwiftPath */,
				DA991A5828044E7000AAC13E /* DGCSHInspection */,
				CA669CF0280AE87F0017E563 /* DataCompression */,
			);
			productName = DGCAWallet;
			productReference = CEA6D6E8261F8D2700715333 /* DGCAWallet.app */;
			productType = "com.apple.product-type.application";
		};
		CEA6D6FD261F8D2900715333 /* DGCAWalletTests */ = {
			isa = PBXNativeTarget;
			buildConfigurationList = CEA6D715261F8D2900715333 /* Build configuration list for PBXNativeTarget "DGCAWalletTests" */;
			buildPhases = (
				CEA6D6FA261F8D2900715333 /* Sources */,
				CEA6D6FB261F8D2900715333 /* Frameworks */,
				CEA6D6FC261F8D2900715333 /* Resources */,
			);
			buildRules = (
			);
			dependencies = (
				CEA6D700261F8D2900715333 /* PBXTargetDependency */,
			);
			name = DGCAWalletTests;
			productName = DGCAWalletTests;
			productReference = CEA6D6FE261F8D2900715333 /* DGCAWalletTests.xctest */;
			productType = "com.apple.product-type.bundle.unit-test";
		};
		CEA6D708261F8D2900715333 /* DGCAWalletUITests */ = {
			isa = PBXNativeTarget;
			buildConfigurationList = CEA6D718261F8D2900715333 /* Build configuration list for PBXNativeTarget "DGCAWalletUITests" */;
			buildPhases = (
				CEA6D705261F8D2900715333 /* Sources */,
				CEA6D706261F8D2900715333 /* Frameworks */,
				CEA6D707261F8D2900715333 /* Resources */,
			);
			buildRules = (
			);
			dependencies = (
				CEA6D70B261F8D2900715333 /* PBXTargetDependency */,
			);
			name = DGCAWalletUITests;
			productName = DGCAWalletUITests;
			productReference = CEA6D709261F8D2900715333 /* DGCAWalletUITests.xctest */;
			productType = "com.apple.product-type.bundle.ui-testing";
		};
/* End PBXNativeTarget section */

/* Begin PBXProject section */
		CEA6D6E0261F8D2700715333 /* Project object */ = {
			isa = PBXProject;
			attributes = {
				LastSwiftUpdateCheck = 1240;
				LastUpgradeCheck = 1240;
				TargetAttributes = {
					CEA6D6E7261F8D2700715333 = {
						CreatedOnToolsVersion = 12.4;
					};
					CEA6D6FD261F8D2900715333 = {
						CreatedOnToolsVersion = 12.4;
						TestTargetID = CEA6D6E7261F8D2700715333;
					};
					CEA6D708261F8D2900715333 = {
						CreatedOnToolsVersion = 12.4;
						TestTargetID = CEA6D6E7261F8D2700715333;
					};
				};
			};
			buildConfigurationList = CEA6D6E3261F8D2700715333 /* Build configuration list for PBXProject "DGCAWallet" */;
			compatibilityVersion = "Xcode 9.3";
			developmentRegion = en;
			hasScannedForEncodings = 0;
			knownRegions = (
				en,
				Base,
				de,
			);
			mainGroup = CEA6D6DF261F8D2700715333;
			packageReferences = (
				D2B4550127F48C6C00D8A296 /* XCRemoteSwiftPackageReference "dgca-verification-center" */,
				DA97677A2800726A00D3607E /* XCRemoteSwiftPackageReference "SwiftPath" */,
				CA669CEF280AE87F0017E563 /* XCRemoteSwiftPackageReference "DataCompression" */,
			);
			productRefGroup = CEA6D6E9261F8D2700715333 /* Products */;
			projectDirPath = "";
			projectRoot = "";
			targets = (
				CEA6D6E7261F8D2700715333 /* DGCAWallet */,
				CEA6D6FD261F8D2900715333 /* DGCAWalletTests */,
				CEA6D708261F8D2900715333 /* DGCAWalletUITests */,
			);
		};
/* End PBXProject section */

/* Begin PBXResourcesBuildPhase section */
		CEA6D6E6261F8D2700715333 /* Resources */ = {
			isa = PBXResourcesBuildPhase;
			buildActionMask = 2147483647;
			files = (
				CE4BD258264FF39D00689FD6 /* DCCCertificateViewer.storyboard in Resources */,
				CE6D4A44264835F100A5D33D /* Localizable.strings in Resources */,
				CEA6D6F8261F8D2900715333 /* LaunchScreen.storyboard in Resources */,
				CE4BD255264FF39400689FD6 /* Settings.storyboard in Resources */,
				CE81533A263FF7EC0030D777 /* README.md in Resources */,
				D2BBDEC02798B25E0043A8A7 /* context.jsonc in Resources */,
				DA01661E26554992005B73A1 /* OpenSourceNotices.json in Resources */,
				DA9767772800529900D3607E /* SmartHealth.storyboard in Resources */,
				CEA6D6F5261F8D2900715333 /* Assets.xcassets in Resources */,
				CEA6D6F3261F8D2700715333 /* Main.storyboard in Resources */,
				D2387C6B274BD5EA00C55DF7 /* InfoPlist.strings in Resources */,
			);
			runOnlyForDeploymentPostprocessing = 0;
		};
		CEA6D6FC261F8D2900715333 /* Resources */ = {
			isa = PBXResourcesBuildPhase;
			buildActionMask = 2147483647;
			files = (
				D2BBDEC12798B25E0043A8A7 /* context.jsonc in Resources */,
			);
			runOnlyForDeploymentPostprocessing = 0;
		};
		CEA6D707261F8D2900715333 /* Resources */ = {
			isa = PBXResourcesBuildPhase;
			buildActionMask = 2147483647;
			files = (
				D2BBDEC22798B25F0043A8A7 /* context.jsonc in Resources */,
			);
			runOnlyForDeploymentPostprocessing = 0;
		};
/* End PBXResourcesBuildPhase section */

/* Begin PBXShellScriptBuildPhase section */
		CE17E3342645A0C100029D95 /* ShellScript */ = {
			isa = PBXShellScriptBuildPhase;
			buildActionMask = 2147483647;
			files = (
			);
			inputFileListPaths = (
			);
			inputPaths = (
			);
			outputFileListPaths = (
			);
			outputPaths = (
			);
			runOnlyForDeploymentPostprocessing = 0;
			shellPath = /bin/sh;
			shellScript = "# Type a script or drag a script file from your workspace to insert its path.\n#if which swiftlint >/dev/null; then\n#  swiftlint\n#else\n#  echo \"warning: SwiftLint not installed, download from https://github.com/realm/SwiftLint\"\n#fi\n";
		};
/* End PBXShellScriptBuildPhase section */

/* Begin PBXSourcesBuildPhase section */
		CEA6D6E4261F8D2700715333 /* Sources */ = {
			isa = PBXSourcesBuildPhase;
			buildActionMask = 2147483647;
			files = (
				DA9767752800510400D3607E /* SmartHealthCardContainerController.swift in Sources */,
				CEE9DA5D263C865200A31532 /* Brightness.swift in Sources */,
				CE13CF0A262DCDDA0070C80E /* DCCCertificateViewerController.swift in Sources */,
				CEDABD40263C5FF4007A9B97 /* DCCCertificateController.swift in Sources */,
				CE37B643263867D700DEE13D /* SecureBackground.swift in Sources */,
				5C556D4926F9F8AC007E2C2E /* CertificateListController.swift in Sources */,
				FEBE53B62721A3EA003B61FB /* LimitationCell.swift in Sources */,
				CEDABD49263C70EF007A9B97 /* CertPagesController.swift in Sources */,
				CE4BD254264FF28900689FD6 /* SettingsTableController.swift in Sources */,
				CABCB8EC28073EBA00814185 /* CardController.swift in Sources */,
				CED2726026398683003D47A9 /* UIFont.swift in Sources */,
				FEC54BE927201D660048B6BC /* ValidationResultController.swift in Sources */,
				CEE9DA55263C7D4000A31532 /* DCCCertCodeController.swift in Sources */,
				CE13CF23262DDF810070C80E /* RoundedButton.swift in Sources */,
				5C556D5126F9F8C6007E2C2E /* ServerListController.swift in Sources */,
				5C50CF2726972BCA0015EE29 /* SimpleValidityCell.swift in Sources */,
				DA01662026554E02005B73A1 /* LicenseCell.swift in Sources */,
				CEA6D6EC261F8D2700715333 /* AppDelegate.swift in Sources */,
				DA01661C265541C0005B73A1 /* LicenseTableController.swift in Sources */,
				5C00073626D625D0002E5013 /* PDFTableViewCell.swift in Sources */,
				CE891305263581D900CB92AF /* HomeController.swift in Sources */,
				FEEAD6DB273BBE9600D883EB /* TokenInfoCell.swift in Sources */,
				D277555028001AE3005FEE00 /* ExtendedValidityCell.swift in Sources */,
				CABCB8E828073E3B00814185 /* CardPageController.swift in Sources */,
				D2D8F2C627F5ECAD00508610 /* AppManager.swift in Sources */,
				5C00071C26D38CC3002E5013 /* NFCHelper.swift in Sources */,
				D2DFDB3E27C50E5900BA15B9 /* SquareViewFinder.swift in Sources */,
				DA976779280060A800D3607E /* SHPayloadInterpreter.swift in Sources */,
				CABCB8EA28073E4C00814185 /* CardPayloadController.swift in Sources */,
				D277554F27FF49AD005FEE00 /* WalletCell.swift in Sources */,
				D23EF7A7272057F40097D82B /* ServerCell.swift in Sources */,
				CEA15570262F79DE0024B7AC /* InfoCell.swift in Sources */,
				D24C8951272353610090398A /* ScanWalletController.swift in Sources */,
				CED949CA263B50CE00883558 /* MainListController.swift in Sources */,
				5C50CF11269700710015EE29 /* RuleValidationResultVC.swift in Sources */,
				DA01662226558B2F005B73A1 /* LicenseController.swift in Sources */,
				5C556D4426F9DAF7007E2C2E /* TicketingAcceptanceController.swift in Sources */,
				5C50CF1B2697023B0015EE29 /* RuleErrorCell.swift in Sources */,
				5C50CF09269700550015EE29 /* CheckValidityController.swift in Sources */,
				5C50CF3E26983E090015EE29 /* UITableView+.swift in Sources */,
				CEA6D6EE261F8D2700715333 /* SceneDelegate.swift in Sources */,
				5C00073A26D625DE002E5013 /* ImageTableViewCell.swift in Sources */,
				5C50CF22269704240015EE29 /* UIViewController+.swift in Sources */,
				D23EF7A6272057F40097D82B /* CertificateCell.swift in Sources */,
				5C00074726D641E2002E5013 /* PDFViewerController.swift in Sources */,
				5C00073F26D641CC002E5013 /* ImageViewerController.swift in Sources */,
			);
			runOnlyForDeploymentPostprocessing = 0;
		};
		CEA6D6FA261F8D2900715333 /* Sources */ = {
			isa = PBXSourcesBuildPhase;
			buildActionMask = 2147483647;
			files = (
				5C50CF2826972BCA0015EE29 /* SimpleValidityCell.swift in Sources */,
				5C00071D26D38CC3002E5013 /* NFCHelper.swift in Sources */,
				5C50CF0A269700550015EE29 /* CheckValidityController.swift in Sources */,
				5C556D4526F9DAF7007E2C2E /* TicketingAcceptanceController.swift in Sources */,
				D2D8F2C927F5ED3900508610 /* HomeController.swift in Sources */,
				D277554D27FF1D12005FEE00 /* RoundedButton.swift in Sources */,
				D2D8F2CB27F5ED3C00508610 /* MainListController.swift in Sources */,
				5C50CF3B26973D9D0015EE29 /* UserDefaults+.swift in Sources */,
				5C50CF3F26983E090015EE29 /* UITableView+.swift in Sources */,
				5C00073B26D625DE002E5013 /* ImageTableViewCell.swift in Sources */,
				5C50CF1C2697023B0015EE29 /* RuleErrorCell.swift in Sources */,
				5C556D5226F9F8C6007E2C2E /* ServerListController.swift in Sources */,
				5C50CF12269700710015EE29 /* RuleValidationResultVC.swift in Sources */,
				CEA6D703261F8D2900715333 /* DGCAWalletTests.swift in Sources */,
				5C00073726D625D0002E5013 /* PDFTableViewCell.swift in Sources */,
				5C50CF23269704240015EE29 /* UIViewController+.swift in Sources */,
				D2B605BD2743CA92000D914A /* ValidationResultController.swift in Sources */,
				D2D8F2C727F5ED3500508610 /* AppManager.swift in Sources */,
				5C50CF3026972BFD0015EE29 /* ExtendedValidityCell.swift in Sources */,
				5C556D4A26F9F8AC007E2C2E /* CertificateListController.swift in Sources */,
				D2DFDB3F27C50E5900BA15B9 /* SquareViewFinder.swift in Sources */,
				CEFAD87F262714C4009AFEF9 /* EHNTests.swift in Sources */,
				D2D8F2CD27F5ED3F00508610 /* ScanWalletController.swift in Sources */,
			);
			runOnlyForDeploymentPostprocessing = 0;
		};
		CEA6D705261F8D2900715333 /* Sources */ = {
			isa = PBXSourcesBuildPhase;
			buildActionMask = 2147483647;
			files = (
				5C00073826D625D0002E5013 /* PDFTableViewCell.swift in Sources */,
				5C00073C26D625DE002E5013 /* ImageTableViewCell.swift in Sources */,
				D2D8F2CE27F5ED4000508610 /* ScanWalletController.swift in Sources */,
				5C50CF3C26973D9D0015EE29 /* UserDefaults+.swift in Sources */,
				D2DFDB4027C50E5900BA15B9 /* SquareViewFinder.swift in Sources */,
				D2D8F2CC27F5ED3D00508610 /* MainListController.swift in Sources */,
				5C50CF4026983E090015EE29 /* UITableView+.swift in Sources */,
				5C556D4626F9DAF7007E2C2E /* TicketingAcceptanceController.swift in Sources */,
				5C556D4B26F9F8AC007E2C2E /* CertificateListController.swift in Sources */,
				CEA6D70E261F8D2900715333 /* DGCAWalletUITests.swift in Sources */,
				5C50CF3126972BFD0015EE29 /* ExtendedValidityCell.swift in Sources */,
				5C50CF0B269700550015EE29 /* CheckValidityController.swift in Sources */,
				D2B605BE2743CA92000D914A /* ValidationResultController.swift in Sources */,
				5C556D5326F9F8C6007E2C2E /* ServerListController.swift in Sources */,
				5C50CF1D2697023B0015EE29 /* RuleErrorCell.swift in Sources */,
				5C00071E26D38CC3002E5013 /* NFCHelper.swift in Sources */,
				5C50CF13269700710015EE29 /* RuleValidationResultVC.swift in Sources */,
				D277554C27FF1D12005FEE00 /* RoundedButton.swift in Sources */,
				D2D8F2C827F5ED3500508610 /* AppManager.swift in Sources */,
				5C50CF24269704240015EE29 /* UIViewController+.swift in Sources */,
				D2D8F2CA27F5ED3A00508610 /* HomeController.swift in Sources */,
				5C50CF2926972BCA0015EE29 /* SimpleValidityCell.swift in Sources */,
			);
			runOnlyForDeploymentPostprocessing = 0;
		};
/* End PBXSourcesBuildPhase section */

/* Begin PBXTargetDependency section */
		CEA6D700261F8D2900715333 /* PBXTargetDependency */ = {
			isa = PBXTargetDependency;
			target = CEA6D6E7261F8D2700715333 /* DGCAWallet */;
			targetProxy = CEA6D6FF261F8D2900715333 /* PBXContainerItemProxy */;
		};
		CEA6D70B261F8D2900715333 /* PBXTargetDependency */ = {
			isa = PBXTargetDependency;
			target = CEA6D6E7261F8D2700715333 /* DGCAWallet */;
			targetProxy = CEA6D70A261F8D2900715333 /* PBXContainerItemProxy */;
		};
/* End PBXTargetDependency section */

/* Begin PBXVariantGroup section */
		CE4BD257264FF39400689FD6 /* Settings.storyboard */ = {
			isa = PBXVariantGroup;
			children = (
				CE4BD256264FF39400689FD6 /* Base */,
			);
			name = Settings.storyboard;
			sourceTree = "<group>";
		};
		CE4BD25A264FF39D00689FD6 /* DCCCertificateViewer.storyboard */ = {
			isa = PBXVariantGroup;
			children = (
				CE4BD259264FF39D00689FD6 /* Base */,
			);
			name = DCCCertificateViewer.storyboard;
			sourceTree = "<group>";
		};
		CE6D4A46264835F100A5D33D /* Localizable.strings */ = {
			isa = PBXVariantGroup;
			children = (
				CE6D4A45264835F100A5D33D /* en */,
				D2387C67274853BC00C55DF7 /* de */,
			);
			name = Localizable.strings;
			sourceTree = "<group>";
		};
		CEA6D6F1261F8D2700715333 /* Main.storyboard */ = {
			isa = PBXVariantGroup;
			children = (
				CEA6D6F2261F8D2700715333 /* Base */,
			);
			name = Main.storyboard;
			sourceTree = "<group>";
		};
		CEA6D6F6261F8D2900715333 /* LaunchScreen.storyboard */ = {
			isa = PBXVariantGroup;
			children = (
				CEA6D6F7261F8D2900715333 /* Base */,
				D2387C70274BD84E00C55DF7 /* en */,
				D2387C72274BD85200C55DF7 /* de */,
			);
			name = LaunchScreen.storyboard;
			sourceTree = "<group>";
		};
		D2387C6D274BD5EA00C55DF7 /* InfoPlist.strings */ = {
			isa = PBXVariantGroup;
			children = (
				D2387C6C274BD5EA00C55DF7 /* en */,
				D2387C6E274BD5EE00C55DF7 /* de */,
			);
			name = InfoPlist.strings;
			sourceTree = "<group>";
		};
/* End PBXVariantGroup section */

/* Begin XCBuildConfiguration section */
		CEA6D710261F8D2900715333 /* Debug */ = {
			isa = XCBuildConfiguration;
			buildSettings = {
				ALWAYS_SEARCH_USER_PATHS = NO;
				CLANG_ANALYZER_LOCALIZABILITY_NONLOCALIZED = YES;
				CLANG_ANALYZER_NONNULL = YES;
				CLANG_ANALYZER_NUMBER_OBJECT_CONVERSION = YES_AGGRESSIVE;
				CLANG_CXX_LANGUAGE_STANDARD = "gnu++14";
				CLANG_CXX_LIBRARY = "libc++";
				CLANG_ENABLE_MODULES = YES;
				CLANG_ENABLE_OBJC_ARC = YES;
				CLANG_ENABLE_OBJC_WEAK = YES;
				CLANG_WARN_BLOCK_CAPTURE_AUTORELEASING = YES;
				CLANG_WARN_BOOL_CONVERSION = YES;
				CLANG_WARN_COMMA = YES;
				CLANG_WARN_CONSTANT_CONVERSION = YES;
				CLANG_WARN_DEPRECATED_OBJC_IMPLEMENTATIONS = YES;
				CLANG_WARN_DIRECT_OBJC_ISA_USAGE = YES_ERROR;
				CLANG_WARN_DOCUMENTATION_COMMENTS = YES;
				CLANG_WARN_EMPTY_BODY = YES;
				CLANG_WARN_ENUM_CONVERSION = YES;
				CLANG_WARN_INFINITE_RECURSION = YES;
				CLANG_WARN_INT_CONVERSION = YES;
				CLANG_WARN_NON_LITERAL_NULL_CONVERSION = YES;
				CLANG_WARN_OBJC_IMPLICIT_RETAIN_SELF = YES;
				CLANG_WARN_OBJC_LITERAL_CONVERSION = YES;
				CLANG_WARN_OBJC_ROOT_CLASS = YES_ERROR;
				CLANG_WARN_QUOTED_INCLUDE_IN_FRAMEWORK_HEADER = YES;
				CLANG_WARN_RANGE_LOOP_ANALYSIS = YES;
				CLANG_WARN_STRICT_PROTOTYPES = YES;
				CLANG_WARN_SUSPICIOUS_MOVE = YES;
				CLANG_WARN_UNGUARDED_AVAILABILITY = YES_AGGRESSIVE;
				CLANG_WARN_UNREACHABLE_CODE = YES;
				CLANG_WARN__DUPLICATE_METHOD_MATCH = YES;
				COPY_PHASE_STRIP = NO;
				DEBUG_INFORMATION_FORMAT = dwarf;
				ENABLE_STRICT_OBJC_MSGSEND = YES;
				ENABLE_TESTABILITY = YES;
				GCC_C_LANGUAGE_STANDARD = gnu11;
				GCC_DYNAMIC_NO_PIC = NO;
				GCC_NO_COMMON_BLOCKS = YES;
				GCC_OPTIMIZATION_LEVEL = 0;
				GCC_PREPROCESSOR_DEFINITIONS = (
					"DEBUG=1",
					"$(inherited)",
				);
				GCC_WARN_64_TO_32_BIT_CONVERSION = YES;
				GCC_WARN_ABOUT_RETURN_TYPE = YES_ERROR;
				GCC_WARN_UNDECLARED_SELECTOR = YES;
				GCC_WARN_UNINITIALIZED_AUTOS = YES_AGGRESSIVE;
				GCC_WARN_UNUSED_FUNCTION = YES;
				GCC_WARN_UNUSED_VARIABLE = YES;
				IPHONEOS_DEPLOYMENT_TARGET = 12.1;
				MTL_ENABLE_DEBUG_INFO = INCLUDE_SOURCE;
				MTL_FAST_MATH = YES;
				ONLY_ACTIVE_ARCH = YES;
				SDKROOT = iphoneos;
				SWIFT_ACTIVE_COMPILATION_CONDITIONS = DEBUG;
				SWIFT_OPTIMIZATION_LEVEL = "-Onone";
			};
			name = Debug;
		};
		CEA6D711261F8D2900715333 /* Release */ = {
			isa = XCBuildConfiguration;
			buildSettings = {
				ALWAYS_SEARCH_USER_PATHS = NO;
				CLANG_ANALYZER_LOCALIZABILITY_NONLOCALIZED = YES;
				CLANG_ANALYZER_NONNULL = YES;
				CLANG_ANALYZER_NUMBER_OBJECT_CONVERSION = YES_AGGRESSIVE;
				CLANG_CXX_LANGUAGE_STANDARD = "gnu++14";
				CLANG_CXX_LIBRARY = "libc++";
				CLANG_ENABLE_MODULES = YES;
				CLANG_ENABLE_OBJC_ARC = YES;
				CLANG_ENABLE_OBJC_WEAK = YES;
				CLANG_WARN_BLOCK_CAPTURE_AUTORELEASING = YES;
				CLANG_WARN_BOOL_CONVERSION = YES;
				CLANG_WARN_COMMA = YES;
				CLANG_WARN_CONSTANT_CONVERSION = YES;
				CLANG_WARN_DEPRECATED_OBJC_IMPLEMENTATIONS = YES;
				CLANG_WARN_DIRECT_OBJC_ISA_USAGE = YES_ERROR;
				CLANG_WARN_DOCUMENTATION_COMMENTS = YES;
				CLANG_WARN_EMPTY_BODY = YES;
				CLANG_WARN_ENUM_CONVERSION = YES;
				CLANG_WARN_INFINITE_RECURSION = YES;
				CLANG_WARN_INT_CONVERSION = YES;
				CLANG_WARN_NON_LITERAL_NULL_CONVERSION = YES;
				CLANG_WARN_OBJC_IMPLICIT_RETAIN_SELF = YES;
				CLANG_WARN_OBJC_LITERAL_CONVERSION = YES;
				CLANG_WARN_OBJC_ROOT_CLASS = YES_ERROR;
				CLANG_WARN_QUOTED_INCLUDE_IN_FRAMEWORK_HEADER = YES;
				CLANG_WARN_RANGE_LOOP_ANALYSIS = YES;
				CLANG_WARN_STRICT_PROTOTYPES = YES;
				CLANG_WARN_SUSPICIOUS_MOVE = YES;
				CLANG_WARN_UNGUARDED_AVAILABILITY = YES_AGGRESSIVE;
				CLANG_WARN_UNREACHABLE_CODE = YES;
				CLANG_WARN__DUPLICATE_METHOD_MATCH = YES;
				COPY_PHASE_STRIP = NO;
				DEBUG_INFORMATION_FORMAT = "dwarf-with-dsym";
				ENABLE_NS_ASSERTIONS = NO;
				ENABLE_STRICT_OBJC_MSGSEND = YES;
				GCC_C_LANGUAGE_STANDARD = gnu11;
				GCC_NO_COMMON_BLOCKS = YES;
				GCC_WARN_64_TO_32_BIT_CONVERSION = YES;
				GCC_WARN_ABOUT_RETURN_TYPE = YES_ERROR;
				GCC_WARN_UNDECLARED_SELECTOR = YES;
				GCC_WARN_UNINITIALIZED_AUTOS = YES_AGGRESSIVE;
				GCC_WARN_UNUSED_FUNCTION = YES;
				GCC_WARN_UNUSED_VARIABLE = YES;
				IPHONEOS_DEPLOYMENT_TARGET = 12.1;
				MTL_ENABLE_DEBUG_INFO = NO;
				MTL_FAST_MATH = YES;
				SDKROOT = iphoneos;
				SWIFT_COMPILATION_MODE = wholemodule;
				SWIFT_OPTIMIZATION_LEVEL = "-O";
				VALIDATE_PRODUCT = YES;
			};
			name = Release;
		};
		CEA6D713261F8D2900715333 /* Debug */ = {
			isa = XCBuildConfiguration;
			buildSettings = {
				ASSETCATALOG_COMPILER_APPICON_NAME = AppIcon;
				ASSETCATALOG_COMPILER_GLOBAL_ACCENT_COLOR_NAME = AccentColor;
				CODE_SIGN_ENTITLEMENTS = DGCAWallet/DGCAWallet.entitlements;
				CODE_SIGN_IDENTITY = "iPhone Developer";
				CODE_SIGN_STYLE = Manual;
				CURRENT_PROJECT_VERSION = 4;
				DEVELOPMENT_TEAM = 9FH6TNGWF2;
				INFOPLIST_FILE = DGCAWallet/SupportingFiles/Info.plist;
				IPHONEOS_DEPLOYMENT_TARGET = 13.1;
				LD_RUNPATH_SEARCH_PATHS = (
					"$(inherited)",
					"@executable_path/Frameworks",
				);
				MARKETING_VERSION = 1.3.2;
				PRODUCT_BUNDLE_IDENTIFIER = "com.t-systems.pu-ds.dgca.wallet.dev";
				PRODUCT_NAME = "$(TARGET_NAME)";
				PROVISIONING_PROFILE_SPECIFIER = "Digital Green Certificate Wallet development";
				SWIFT_VERSION = 5.0;
				TARGETED_DEVICE_FAMILY = "1,2";
			};
			name = Debug;
		};
		CEA6D714261F8D2900715333 /* Release */ = {
			isa = XCBuildConfiguration;
			buildSettings = {
				ASSETCATALOG_COMPILER_APPICON_NAME = AppIcon;
				ASSETCATALOG_COMPILER_GLOBAL_ACCENT_COLOR_NAME = AccentColor;
				CODE_SIGN_ENTITLEMENTS = DGCAWallet/DGCAWallet.entitlements;
				CODE_SIGN_IDENTITY = "iPhone Distribution";
				CODE_SIGN_STYLE = Manual;
				CURRENT_PROJECT_VERSION = 4;
				DEVELOPMENT_TEAM = 9FH6TNGWF2;
				INFOPLIST_FILE = DGCAWallet/SupportingFiles/Info.plist;
				IPHONEOS_DEPLOYMENT_TARGET = 13.1;
				LD_RUNPATH_SEARCH_PATHS = (
					"$(inherited)",
					"@executable_path/Frameworks",
				);
				MARKETING_VERSION = 1.3.2;
				PRODUCT_BUNDLE_IDENTIFIER = "com.t-systems.pu-ds.dgca.wallet.dev";
				PRODUCT_NAME = "$(TARGET_NAME)";
				PROVISIONING_PROFILE_SPECIFIER = "Digital Green Certificate Wallet";
				SWIFT_VERSION = 5.0;
				TARGETED_DEVICE_FAMILY = "1,2";
			};
			name = Release;
		};
		CEA6D716261F8D2900715333 /* Debug */ = {
			isa = XCBuildConfiguration;
			buildSettings = {
				ALWAYS_EMBED_SWIFT_STANDARD_LIBRARIES = YES;
				BUNDLE_LOADER = "$(TEST_HOST)";
				CODE_SIGN_STYLE = Automatic;
				DEVELOPMENT_TEAM = KH99XNF745;
				INFOPLIST_FILE = DGCAWallet/SupportingFiles/Info.plist;
				IPHONEOS_DEPLOYMENT_TARGET = 14.4;
				LD_RUNPATH_SEARCH_PATHS = (
					"$(inherited)",
					"@executable_path/Frameworks",
					"@loader_path/Frameworks",
				);
				PRODUCT_BUNDLE_IDENTIFIER = "com.t-systems.DGCAWalletTests.dev";
				PRODUCT_NAME = "$(TARGET_NAME)";
				SWIFT_VERSION = 5.0;
				TARGETED_DEVICE_FAMILY = "1,2";
				TEST_HOST = "$(BUILT_PRODUCTS_DIR)/DGCAWallet.app/DGCAWallet";
			};
			name = Debug;
		};
		CEA6D717261F8D2900715333 /* Release */ = {
			isa = XCBuildConfiguration;
			buildSettings = {
				ALWAYS_EMBED_SWIFT_STANDARD_LIBRARIES = YES;
				BUNDLE_LOADER = "$(TEST_HOST)";
				CODE_SIGN_STYLE = Automatic;
				DEVELOPMENT_TEAM = KH99XNF745;
				INFOPLIST_FILE = DGCAWallet/SupportingFiles/Info.plist;
				IPHONEOS_DEPLOYMENT_TARGET = 14.4;
				LD_RUNPATH_SEARCH_PATHS = (
					"$(inherited)",
					"@executable_path/Frameworks",
					"@loader_path/Frameworks",
				);
				PRODUCT_BUNDLE_IDENTIFIER = "com.t-systems.DGCAWalletTests.dev";
				PRODUCT_NAME = "$(TARGET_NAME)";
				SWIFT_VERSION = 5.0;
				TARGETED_DEVICE_FAMILY = "1,2";
				TEST_HOST = "$(BUILT_PRODUCTS_DIR)/DGCAWallet.app/DGCAWallet";
			};
			name = Release;
		};
		CEA6D719261F8D2900715333 /* Debug */ = {
			isa = XCBuildConfiguration;
			buildSettings = {
				ALWAYS_EMBED_SWIFT_STANDARD_LIBRARIES = YES;
				CODE_SIGN_STYLE = Automatic;
				DEVELOPMENT_TEAM = KH99XNF745;
				INFOPLIST_FILE = DGCAWalletUITests/Info.plist;
				LD_RUNPATH_SEARCH_PATHS = (
					"$(inherited)",
					"@executable_path/Frameworks",
					"@loader_path/Frameworks",
				);
				PRODUCT_BUNDLE_IDENTIFIER = "com.t-systems.DGCAWalletUITests.dev";
				PRODUCT_NAME = "$(TARGET_NAME)";
				SWIFT_VERSION = 5.0;
				TARGETED_DEVICE_FAMILY = "1,2";
				TEST_TARGET_NAME = DGCAWallet;
			};
			name = Debug;
		};
		CEA6D71A261F8D2900715333 /* Release */ = {
			isa = XCBuildConfiguration;
			buildSettings = {
				ALWAYS_EMBED_SWIFT_STANDARD_LIBRARIES = YES;
				CODE_SIGN_STYLE = Automatic;
				DEVELOPMENT_TEAM = KH99XNF745;
				INFOPLIST_FILE = DGCAWalletUITests/Info.plist;
				LD_RUNPATH_SEARCH_PATHS = (
					"$(inherited)",
					"@executable_path/Frameworks",
					"@loader_path/Frameworks",
				);
				PRODUCT_BUNDLE_IDENTIFIER = "com.t-systems.DGCAWalletUITests.dev";
				PRODUCT_NAME = "$(TARGET_NAME)";
				SWIFT_VERSION = 5.0;
				TARGETED_DEVICE_FAMILY = "1,2";
				TEST_TARGET_NAME = DGCAWallet;
			};
			name = Release;
		};
/* End XCBuildConfiguration section */

/* Begin XCConfigurationList section */
		CEA6D6E3261F8D2700715333 /* Build configuration list for PBXProject "DGCAWallet" */ = {
			isa = XCConfigurationList;
			buildConfigurations = (
				CEA6D710261F8D2900715333 /* Debug */,
				CEA6D711261F8D2900715333 /* Release */,
			);
			defaultConfigurationIsVisible = 0;
			defaultConfigurationName = Release;
		};
		CEA6D712261F8D2900715333 /* Build configuration list for PBXNativeTarget "DGCAWallet" */ = {
			isa = XCConfigurationList;
			buildConfigurations = (
				CEA6D713261F8D2900715333 /* Debug */,
				CEA6D714261F8D2900715333 /* Release */,
			);
			defaultConfigurationIsVisible = 0;
			defaultConfigurationName = Release;
		};
		CEA6D715261F8D2900715333 /* Build configuration list for PBXNativeTarget "DGCAWalletTests" */ = {
			isa = XCConfigurationList;
			buildConfigurations = (
				CEA6D716261F8D2900715333 /* Debug */,
				CEA6D717261F8D2900715333 /* Release */,
			);
			defaultConfigurationIsVisible = 0;
			defaultConfigurationName = Release;
		};
		CEA6D718261F8D2900715333 /* Build configuration list for PBXNativeTarget "DGCAWalletUITests" */ = {
			isa = XCConfigurationList;
			buildConfigurations = (
				CEA6D719261F8D2900715333 /* Debug */,
				CEA6D71A261F8D2900715333 /* Release */,
			);
			defaultConfigurationIsVisible = 0;
			defaultConfigurationName = Release;
		};
/* End XCConfigurationList section */

/* Begin XCRemoteSwiftPackageReference section */
		CA669CEF280AE87F0017E563 /* XCRemoteSwiftPackageReference "DataCompression" */ = {
			isa = XCRemoteSwiftPackageReference;
			repositoryURL = "https://github.com/mw99/DataCompression.git";
			requirement = {
				kind = upToNextMajorVersion;
				minimumVersion = 3.0.0;
			};
		};
		D2B4550127F48C6C00D8A296 /* XCRemoteSwiftPackageReference "dgca-verification-center" */ = {
			isa = XCRemoteSwiftPackageReference;
			repositoryURL = "https://github.com/eu-digital-green-certificates/dgca-verification-center.git";
			requirement = {
				branch = main;
				kind = branch;
			};
		};
		DA97677A2800726A00D3607E /* XCRemoteSwiftPackageReference "SwiftPath" */ = {
			isa = XCRemoteSwiftPackageReference;
			repositoryURL = "git@github.com:g-mark/SwiftPath.git";
			requirement = {
				kind = upToNextMajorVersion;
				minimumVersion = 0.3.1;
			};
		};
/* End XCRemoteSwiftPackageReference section */

/* Begin XCSwiftPackageProductDependency section */
		CA669CF0280AE87F0017E563 /* DataCompression */ = {
			isa = XCSwiftPackageProductDependency;
			package = CA669CEF280AE87F0017E563 /* XCRemoteSwiftPackageReference "DataCompression" */;
			productName = DataCompression;
		};
		D2B4550227F48C6C00D8A296 /* DGCVerificationCenter */ = {
			isa = XCSwiftPackageProductDependency;
			package = D2B4550127F48C6C00D8A296 /* XCRemoteSwiftPackageReference "dgca-verification-center" */;
			productName = DGCVerificationCenter;
		};
		DA97677B2800726A00D3607E /* SwiftPath */ = {
			isa = XCSwiftPackageProductDependency;
			package = DA97677A2800726A00D3607E /* XCRemoteSwiftPackageReference "SwiftPath" */;
			productName = SwiftPath;
		};
		DA991A5828044E7000AAC13E /* DGCSHInspection */ = {
			isa = XCSwiftPackageProductDependency;
			productName = DGCSHInspection;
		};
/* End XCSwiftPackageProductDependency section */
	};
	rootObject = CEA6D6E0261F8D2700715333 /* Project object */;
}
